<?xml version="1.0" encoding="utf-8"?>
<Project ToolsVersion="4.0" xmlns="http://schemas.microsoft.com/developer/msbuild/2003">
  <ItemGroup>
    <Filter Include="c">
      <UniqueIdentifier>{eb94f5df-3799-40c0-894e-65031937c82c}</UniqueIdentifier>
      <Extensions>c</Extensions>
    </Filter>
    <Filter Include="h">
      <UniqueIdentifier>{035224de-a91a-4092-b7fd-9fe73c4eb7c4}</UniqueIdentifier>
      <Extensions>h</Extensions>
    </Filter>
  </ItemGroup>
  <ItemGroup>
    <ClCompile Include="..\..\shellext\copyhook.c">
      <Filter>c</Filter>
    </ClCompile>
    <ClCompile Include="..\..\shellext\ctxmenu.c">
      <Filter>c</Filter>
    </ClCompile>
    <ClCompile Include="..\..\common\lstrfix.c">
      <Filter>c</Filter>
    </ClCompile>
    <ClCompile Include="..\..\shellext\shellext.c">
      <Filter>c</Filter>
    </ClCompile>
    <ClCompile Include="..\..\shellext\shexinit.c">
      <Filter>c</Filter>
    </ClCompile>
    <ClCompile Include="..\..\shexreg.c">
      <Filter>c</Filter>
    </ClCompile>
  </ItemGroup>
  <ItemGroup>
    <ClInclude Include="..\..\common\lstrfix.h">
      <Filter>h</Filter>
    </ClInclude>
    <ClInclude Include="..\..\shellext\shellext.h">
      <Filter>h</Filter>
    </ClInclude>
    <ClInclude Include="..\..\shexreg.h">
      <Filter>h</Filter>
    </ClInclude>
  </ItemGroup>
  <ItemGroup>
    <None Include="..\..\shellext\shellext.def" />
  </ItemGroup>
  <ItemGroup>
    <ResourceCompile Include="..\..\shellext\shellext.rc" />
  </ItemGroup>
</Project>