<?xml version="1.0" encoding="utf-8"?>
<Project ToolsVersion="4.0" xmlns="http://schemas.microsoft.com/developer/msbuild/2003">
  <ItemGroup>
    <Filter Include="cpp">
      <UniqueIdentifier>{b08a5c60-9103-4591-b824-cbe673ef98f3}</UniqueIdentifier>
      <Extensions>cpp</Extensions>
    </Filter>
    <Filter Include="h">
      <UniqueIdentifier>{0f6169ec-f21e-4919-9eb1-fbec28630cf3}</UniqueIdentifier>
      <Extensions>h</Extensions>
    </Filter>
    <Filter Include="rc">
      <UniqueIdentifier>{cbadff09-88ab-4bc8-bf7b-fb2b36a93b49}</UniqueIdentifier>
      <Extensions>rc;rh</Extensions>
    </Filter>
  </ItemGroup>
  <ItemGroup>
    <ClCompile Include="..\..\shared\dbg.cpp">
      <Filter>cpp</Filter>
    </ClCompile>
    <ClCompile Include="..\lha.cpp">
      <Filter>cpp</Filter>
    </ClCompile>
    <ClCompile Include="..\precomp.cpp">
      <Filter>cpp</Filter>
    </ClCompile>
    <ClCompile Include="..\unlha.cpp">
      <Filter>cpp</Filter>
    </ClCompile>
  </ItemGroup>
  <ItemGroup>
    <ClInclude Include="..\..\shared\arraylt.h">
      <Filter>h</Filter>
    </ClInclude>
    <ClInclude Include="..\..\shared\dbg.h">
      <Filter>h</Filter>
    </ClInclude>
    <ClInclude Include="..\lha.h">
      <Filter>h</Filter>
    </ClInclude>
    <ClInclude Include="..\..\shared\spl_arc.h">
      <Filter>h</Filter>
    </ClInclude>
    <ClInclude Include="..\..\shared\spl_base.h">
      <Filter>h</Filter>
    </ClInclude>
    <ClInclude Include="..\..\shared\spl_com.h">
      <Filter>h</Filter>
    </ClInclude>
    <ClInclude Include="..\..\shared\spl_fs.h">
      <Filter>h</Filter>
    </ClInclude>
    <ClInclude Include="..\..\shared\spl_gen.h">
      <Filter>h</Filter>
    </ClInclude>
    <ClInclude Include="..\..\shared\spl_menu.h">
      <Filter>h</Filter>
    </ClInclude>
    <ClInclude Include="..\..\shared\spl_vers.h">
      <Filter>h</Filter>
    </ClInclude>
    <ClInclude Include="..\..\shared\spl_view.h">
      <Filter>h</Filter>
    </ClInclude>
    <ClInclude Include="..\precomp.h">
      <Filter>h</Filter>
    </ClInclude>
    <ClInclude Include="..\unlha.h">
      <Filter>h</Filter>
    </ClInclude>
  </ItemGroup>
  <ItemGroup>
    <ResourceCompile Include="..\unlha.rc">
      <Filter>rc</Filter>
    </ResourceCompile>
  </ItemGroup>
  <ItemGroup>
    <None Include="..\unlha.rc2">
      <Filter>rc</Filter>
    </None>
    <None Include="..\unlha.rh">
      <Filter>rc</Filter>
    </None>
    <None Include="..\unlha.rh2">
      <Filter>rc</Filter>
    </None>
    <None Include="..\versinfo.rh2">
      <Filter>rc</Filter>
    </None>
    <None Include="..\lang\lang.rh">
      <Filter>rc</Filter>
    </None>
    <None Include="..\unlha.def" />
  </ItemGroup>
</Project>