<?xml version="1.0" encoding="utf-8"?>
<Project ToolsVersion="4.0" xmlns="http://schemas.microsoft.com/developer/msbuild/2003">
  <ItemGroup>
    <Filter Include="cpp">
      <UniqueIdentifier>{54849c1c-76b3-4f59-8a59-dd3afc587b06}</UniqueIdentifier>
      <Extensions>cpp</Extensions>
    </Filter>
    <Filter Include="h">
      <UniqueIdentifier>{5e336e44-1647-42d9-9f56-a554aa07405c}</UniqueIdentifier>
      <Extensions>h</Extensions>
    </Filter>
    <Filter Include="rc">
      <UniqueIdentifier>{d541cfda-57c8-49bf-a505-173e12826473}</UniqueIdentifier>
      <Extensions>rc;rh</Extensions>
    </Filter>
    <Filter Include="common">
      <UniqueIdentifier>{79171397-de8d-4e3c-aefd-8b9ad544289d}</UniqueIdentifier>
      <Extensions>cpp;h</Extensions>
    </Filter>
  </ItemGroup>
  <ItemGroup>
    <ClCompile Include="..\chmon.cpp">
      <Filter>cpp</Filter>
    </ClCompile>
    <ClCompile Include="..\dialogs.cpp">
      <Filter>cpp</Filter>
    </ClCompile>
    <ClCompile Include="..\editor.cpp">
      <Filter>cpp</Filter>
    </ClCompile>
    <ClCompile Include="..\export.cpp">
      <Filter>cpp</Filter>
    </ClCompile>
    <ClCompile Include="..\finddlg.cpp">
      <Filter>cpp</Filter>
    </ClCompile>
    <ClCompile Include="..\finddlg2.cpp">
      <Filter>cpp</Filter>
    </ClCompile>
    <ClCompile Include="..\fs.cpp">
      <Filter>cpp</Filter>
    </ClCompile>
    <ClCompile Include="..\fs2.cpp">
      <Filter>cpp</Filter>
    </ClCompile>
    <ClCompile Include="..\fs3.cpp">
      <Filter>cpp</Filter>
    </ClCompile>
    <ClCompile Include="..\fs4.cpp">
      <Filter>cpp</Filter>
    </ClCompile>
    <ClCompile Include="..\fs5.cpp">
      <Filter>cpp</Filter>
    </ClCompile>
    <ClCompile Include="..\menu.cpp">
      <Filter>cpp</Filter>
    </ClCompile>
    <ClCompile Include="..\precomp.cpp">
      <Filter>cpp</Filter>
    </ClCompile>
    <ClCompile Include="..\regedt.cpp">
      <Filter>cpp</Filter>
    </ClCompile>
    <ClCompile Include="..\utils.cpp">
      <Filter>cpp</Filter>
    </ClCompile>
    <ClCompile Include="..\..\shared\auxtools.cpp">
      <Filter>common</Filter>
    </ClCompile>
    <ClCompile Include="..\..\shared\dbg.cpp">
      <Filter>common</Filter>
    </ClCompile>
    <ClCompile Include="..\..\shared\winliblt.cpp">
      <Filter>common</Filter>
    </ClCompile>
  </ItemGroup>
  <ItemGroup>
    <ClInclude Include="..\chmon.h">
      <Filter>h</Filter>
    </ClInclude>
    <ClInclude Include="..\dialogs.h">
      <Filter>h</Filter>
    </ClInclude>
    <ClInclude Include="..\editor.h">
      <Filter>h</Filter>
    </ClInclude>
    <ClInclude Include="..\export.h">
      <Filter>h</Filter>
    </ClInclude>
    <ClInclude Include="..\finddlg.h">
      <Filter>h</Filter>
    </ClInclude>
    <ClInclude Include="..\precomp.h">
      <Filter>h</Filter>
    </ClInclude>
    <ClInclude Include="..\regedt.h">
      <Filter>h</Filter>
    </ClInclude>
    <ClInclude Include="..\utils.h">
      <Filter>h</Filter>
    </ClInclude>
    <ClInclude Include="..\..\shared\arraylt.h">
      <Filter>common</Filter>
    </ClInclude>
    <ClInclude Include="..\..\shared\auxtools.h">
      <Filter>common</Filter>
    </ClInclude>
    <ClInclude Include="..\..\shared\dbg.h">
      <Filter>common</Filter>
    </ClInclude>
    <ClInclude Include="..\..\shared\spl_base.h">
      <Filter>common</Filter>
    </ClInclude>
    <ClInclude Include="..\..\shared\spl_com.h">
      <Filter>common</Filter>
    </ClInclude>
    <ClInclude Include="..\..\shared\spl_fs.h">
      <Filter>common</Filter>
    </ClInclude>
    <ClInclude Include="..\..\shared\spl_gen.h">
      <Filter>common</Filter>
    </ClInclude>
    <ClInclude Include="..\..\shared\spl_gui.h">
      <Filter>common</Filter>
    </ClInclude>
    <ClInclude Include="..\..\shared\spl_menu.h">
      <Filter>common</Filter>
    </ClInclude>
    <ClInclude Include="..\..\shared\spl_vers.h">
      <Filter>common</Filter>
    </ClInclude>
    <ClInclude Include="..\..\shared\winliblt.h">
      <Filter>common</Filter>
    </ClInclude>
  </ItemGroup>
  <ItemGroup>
    <None Include="..\lang\lang.rh">
      <Filter>rc</Filter>
    </None>
    <None Include="..\regedt.rc2">
      <Filter>rc</Filter>
    </None>
    <None Include="..\regedt.rh">
      <Filter>rc</Filter>
    </None>
    <None Include="..\regedt.rh2">
      <Filter>rc</Filter>
    </None>
    <None Include="..\versinfo.rh2">
      <Filter>rc</Filter>
    </None>
    <None Include="..\regedt.def" />
  </ItemGroup>
  <ItemGroup>
    <ResourceCompile Include="..\regedt.rc">
      <Filter>rc</Filter>
    </ResourceCompile>
  </ItemGroup>
  <ItemGroup>
    <Image Include="..\regedt.ico" />
  </ItemGroup>
</Project>