<?xml version="1.0" encoding="utf-8"?>
<Project ToolsVersion="4.0" xmlns="http://schemas.microsoft.com/developer/msbuild/2003">
  <ItemGroup>
    <Filter Include="cpp">
      <UniqueIdentifier>{01138b23-f893-4906-bd5e-b55d9bf3b5b8}</UniqueIdentifier>
      <Extensions>cpp;c</Extensions>
    </Filter>
    <Filter Include="h">
      <UniqueIdentifier>{a3b9ac9b-f770-46d7-a53d-54501c1e4970}</UniqueIdentifier>
      <Extensions>h</Extensions>
    </Filter>
    <Filter Include="rc">
      <UniqueIdentifier>{ec9cfe1d-0196-41e5-ba7f-f9f7922da946}</UniqueIdentifier>
      <Extensions>rc</Extensions>
    </Filter>
  </ItemGroup>
  <ItemGroup>
    <ClCompile Include="..\add.cpp">
      <Filter>cpp</Filter>
    </ClCompile>
    <ClCompile Include="..\add_del.cpp">
      <Filter>cpp</Filter>
    </ClCompile>
    <ClCompile Include="..\bits.cpp">
      <Filter>cpp</Filter>
    </ClCompile>
    <ClCompile Include="..\chicon.cpp">
      <Filter>cpp</Filter>
    </ClCompile>
    <ClCompile Include="..\common.cpp">
      <Filter>cpp</Filter>
    </ClCompile>
    <ClCompile Include="..\common2.cpp">
      <Filter>cpp</Filter>
    </ClCompile>
    <ClCompile Include="..\const.cpp">
      <Filter>cpp</Filter>
    </ClCompile>
    <ClCompile Include="..\crypt.cpp">
      <Filter>cpp</Filter>
    </ClCompile>
    <ClCompile Include="..\..\shared\dbg.cpp">
      <Filter>cpp</Filter>
    </ClCompile>
    <ClCompile Include="..\deflate.cpp">
      <Filter>cpp</Filter>
    </ClCompile>
    <ClCompile Include="..\del.cpp">
      <Filter>cpp</Filter>
    </ClCompile>
    <ClCompile Include="..\dialogs.cpp">
      <Filter>cpp</Filter>
    </ClCompile>
    <ClCompile Include="..\dialogs2.cpp">
      <Filter>cpp</Filter>
    </ClCompile>
    <ClCompile Include="..\dialogs3.cpp">
      <Filter>cpp</Filter>
    </ClCompile>
    <ClCompile Include="..\explode.cpp">
      <Filter>cpp</Filter>
    </ClCompile>
    <ClCompile Include="..\extract.cpp">
      <Filter>cpp</Filter>
    </ClCompile>
    <ClCompile Include="..\inflate.cpp">
      <Filter>cpp</Filter>
    </ClCompile>
    <ClCompile Include="..\iosfxset.cpp">
      <Filter>cpp</Filter>
    </ClCompile>
    <ClCompile Include="..\list.cpp">
      <Filter>cpp</Filter>
    </ClCompile>
    <ClCompile Include="..\main.cpp">
      <Filter>cpp</Filter>
    </ClCompile>
    <ClCompile Include="..\memapi.cpp">
      <Filter>cpp</Filter>
    </ClCompile>
    <ClCompile Include="..\precomp.cpp">
      <Filter>cpp</Filter>
    </ClCompile>
    <ClCompile Include="..\prevsfx.cpp">
      <Filter>cpp</Filter>
    </ClCompile>
    <ClCompile Include="..\repair.cpp">
      <Filter>cpp</Filter>
    </ClCompile>
    <ClCompile Include="..\..\shared\lukas\resedit.cpp">
      <Filter>cpp</Filter>
    </ClCompile>
    <ClCompile Include="..\trees.cpp">
      <Filter>cpp</Filter>
    </ClCompile>
    <ClCompile Include="..\unbzip2.cpp">
      <Filter>cpp</Filter>
    </ClCompile>
    <ClCompile Include="..\unreduce.cpp">
      <Filter>cpp</Filter>
    </ClCompile>
    <ClCompile Include="..\unshrink.cpp">
      <Filter>cpp</Filter>
    </ClCompile>
  </ItemGroup>
  <ItemGroup>
    <ClInclude Include="..\add_del.h">
      <Filter>h</Filter>
    </ClInclude>
    <ClInclude Include="..\..\shared\lukas\array2.h">
      <Filter>h</Filter>
    </ClInclude>
    <ClInclude Include="..\chicon.h">
      <Filter>h</Filter>
    </ClInclude>
    <ClInclude Include="..\selfextr\comdefs.h">
      <Filter>h</Filter>
    </ClInclude>
    <ClInclude Include="..\common.h">
      <Filter>h</Filter>
    </ClInclude>
    <ClInclude Include="..\config.h">
      <Filter>h</Filter>
    </ClInclude>
    <ClInclude Include="..\crypt.h">
      <Filter>h</Filter>
    </ClInclude>
    <ClInclude Include="..\..\shared\dbg.h">
      <Filter>h</Filter>
    </ClInclude>
    <ClInclude Include="..\deflate.h">
      <Filter>h</Filter>
    </ClInclude>
    <ClInclude Include="..\dialogs.h">
      <Filter>h</Filter>
    </ClInclude>
    <ClInclude Include="..\explode.h">
      <Filter>h</Filter>
    </ClInclude>
    <ClInclude Include="..\extract.h">
      <Filter>h</Filter>
    </ClInclude>
    <ClInclude Include="..\inflate.h">
      <Filter>h</Filter>
    </ClInclude>
    <ClInclude Include="..\iosfxset.h">
      <Filter>h</Filter>
    </ClInclude>
    <ClInclude Include="..\list.h">
      <Filter>h</Filter>
    </ClInclude>
    <ClInclude Include="..\main.h">
      <Filter>h</Filter>
    </ClInclude>
    <ClInclude Include="..\memapi.h">
      <Filter>h</Filter>
    </ClInclude>
    <ClInclude Include="..\precomp.h">
      <Filter>h</Filter>
    </ClInclude>
    <ClInclude Include="..\prevsfx.h">
      <Filter>h</Filter>
    </ClInclude>
    <ClInclude Include="..\repair.h">
      <Filter>h</Filter>
    </ClInclude>
    <ClInclude Include="..\..\shared\lukas\resedit.h">
      <Filter>h</Filter>
    </ClInclude>
    <ClInclude Include="..\sfxmake\sfxmake.h">
      <Filter>h</Filter>
    </ClInclude>
    <ClInclude Include="..\..\shared\spl_arc.h">
      <Filter>h</Filter>
    </ClInclude>
    <ClInclude Include="..\..\shared\spl_base.h">
      <Filter>h</Filter>
    </ClInclude>
    <ClInclude Include="..\..\shared\spl_com.h">
      <Filter>h</Filter>
    </ClInclude>
    <ClInclude Include="..\..\shared\spl_file.h">
      <Filter>h</Filter>
    </ClInclude>
    <ClInclude Include="..\..\shared\spl_fs.h">
      <Filter>h</Filter>
    </ClInclude>
    <ClInclude Include="..\..\shared\spl_gen.h">
      <Filter>h</Filter>
    </ClInclude>
    <ClInclude Include="..\..\shared\spl_menu.h">
      <Filter>h</Filter>
    </ClInclude>
    <ClInclude Include="..\..\shared\spl_vers.h">
      <Filter>h</Filter>
    </ClInclude>
    <ClInclude Include="..\..\shared\spl_view.h">
      <Filter>h</Filter>
    </ClInclude>
    <ClInclude Include="..\typecons.h">
      <Filter>h</Filter>
    </ClInclude>
    <ClInclude Include="..\unbzip2.h">
      <Filter>h</Filter>
    </ClInclude>
    <ClInclude Include="..\unreduce.h">
      <Filter>h</Filter>
    </ClInclude>
    <ClInclude Include="..\unshrink.h">
      <Filter>h</Filter>
    </ClInclude>
    <ClInclude Include="..\zipdll.h">
      <Filter>h</Filter>
    </ClInclude>
  </ItemGroup>
  <ItemGroup>
    <Image Include="..\comment.ico">
      <Filter>rc</Filter>
    </Image>
    <Image Include="..\selfextr\icon.ico">
      <Filter>rc</Filter>
    </Image>
    <Image Include="..\lock.ico">
      <Filter>rc</Filter>
    </Image>
  </ItemGroup>
  <ItemGroup>
    <None Include="..\hand.cur">
      <Filter>rc</Filter>
    </None>
    <None Include="..\lang\lang.rh">
      <Filter>rc</Filter>
    </None>
    <None Include="..\versinfo.rh2">
      <Filter>rc</Filter>
    </None>
    <None Include="..\zip.def">
      <Filter>rc</Filter>
    </None>
    <None Include="..\zip.rc2">
      <Filter>rc</Filter>
    </None>
    <None Include="..\zip.rh">
      <Filter>rc</Filter>
    </None>
    <None Include="..\zip.rh2">
      <Filter>rc</Filter>
    </None>
    <None Include="ClassDiagram1.cd" />
  </ItemGroup>
  <ItemGroup>
    <ResourceCompile Include="..\zip.rc">
      <Filter>rc</Filter>
    </ResourceCompile>
  </ItemGroup>
</Project>