<?xml version="1.0" encoding="utf-8"?>
<Project ToolsVersion="4.0" xmlns="http://schemas.microsoft.com/developer/msbuild/2003">
  <ItemGroup>
    <Filter Include="cpp">
      <UniqueIdentifier>{089ea878-2b59-40d3-80fb-2c1bf3491ca4}</UniqueIdentifier>
    </Filter>
    <Filter Include="h">
      <UniqueIdentifier>{973efe93-8784-436c-be96-0707ebce3218}</UniqueIdentifier>
    </Filter>
    <Filter Include="shared">
      <UniqueIdentifier>{50d1f354-f8e9-410e-895c-afa7f8a01da3}</UniqueIdentifier>
    </Filter>
    <Filter Include="rc">
      <UniqueIdentifier>{01acac6b-0ec1-4fce-9016-2f6db2f1be88}</UniqueIdentifier>
    </Filter>
  </ItemGroup>
  <ItemGroup>
    <ClCompile Include="..\ctrlcon1.cpp">
      <Filter>cpp</Filter>
    </ClCompile>
    <ClCompile Include="..\ctrlcon2.cpp">
      <Filter>cpp</Filter>
    </ClCompile>
    <ClCompile Include="..\ctrlcon3.cpp">
      <Filter>cpp</Filter>
    </ClCompile>
    <ClCompile Include="..\ctrlcon4.cpp">
      <Filter>cpp</Filter>
    </ClCompile>
    <ClCompile Include="..\ctrlcon5.cpp">
      <Filter>cpp</Filter>
    </ClCompile>
    <ClCompile Include="..\datacon1.cpp">
      <Filter>cpp</Filter>
    </ClCompile>
    <ClCompile Include="..\datacon2.cpp">
      <Filter>cpp</Filter>
    </ClCompile>
    <ClCompile Include="..\dialogs1.cpp">
      <Filter>cpp</Filter>
    </ClCompile>
    <ClCompile Include="..\dialogs2.cpp">
      <Filter>cpp</Filter>
    </ClCompile>
    <ClCompile Include="..\dialogs3.cpp">
      <Filter>cpp</Filter>
    </ClCompile>
    <ClCompile Include="..\dialogs4.cpp">
      <Filter>cpp</Filter>
    </ClCompile>
    <ClCompile Include="..\dialogs5.cpp">
      <Filter>cpp</Filter>
    </ClCompile>
    <ClCompile Include="..\dialogs6.cpp">
      <Filter>cpp</Filter>
    </ClCompile>
    <ClCompile Include="..\dialogs7.cpp">
      <Filter>cpp</Filter>
    </ClCompile>
    <ClCompile Include="..\dialogs8.cpp">
      <Filter>cpp</Filter>
    </ClCompile>
    <ClCompile Include="..\fs1.cpp">
      <Filter>cpp</Filter>
    </ClCompile>
    <ClCompile Include="..\fs2.cpp">
      <Filter>cpp</Filter>
    </ClCompile>
    <ClCompile Include="..\fs3.cpp">
      <Filter>cpp</Filter>
    </ClCompile>
    <ClCompile Include="..\fs4.cpp">
      <Filter>cpp</Filter>
    </ClCompile>
    <ClCompile Include="..\fs5.cpp">
      <Filter>cpp</Filter>
    </ClCompile>
    <ClCompile Include="..\ftp.cpp">
      <Filter>cpp</Filter>
    </ClCompile>
    <ClCompile Include="..\ftp2.cpp">
      <Filter>cpp</Filter>
    </ClCompile>
    <ClCompile Include="..\ftp3.cpp">
      <Filter>cpp</Filter>
    </ClCompile>
    <ClCompile Include="..\ftp4.cpp">
      <Filter>cpp</Filter>
    </ClCompile>
    <ClCompile Include="..\ftputils.cpp">
      <Filter>cpp</Filter>
    </ClCompile>
    <ClCompile Include="..\menu.cpp">
      <Filter>cpp</Filter>
    </ClCompile>
    <ClCompile Include="..\operats1.cpp">
      <Filter>cpp</Filter>
    </ClCompile>
    <ClCompile Include="..\operats2.cpp">
      <Filter>cpp</Filter>
    </ClCompile>
    <ClCompile Include="..\operats3.cpp">
      <Filter>cpp</Filter>
    </ClCompile>
    <ClCompile Include="..\operats4.cpp">
      <Filter>cpp</Filter>
    </ClCompile>
    <ClCompile Include="..\operats5.cpp">
      <Filter>cpp</Filter>
    </ClCompile>
    <ClCompile Include="..\operats6.cpp">
      <Filter>cpp</Filter>
    </ClCompile>
    <ClCompile Include="..\operats7.cpp">
      <Filter>cpp</Filter>
    </ClCompile>
    <ClCompile Include="..\operats8.cpp">
      <Filter>cpp</Filter>
    </ClCompile>
    <ClCompile Include="..\operats9.cpp">
      <Filter>cpp</Filter>
    </ClCompile>
    <ClCompile Include="..\operatsa.cpp">
      <Filter>cpp</Filter>
    </ClCompile>
    <ClCompile Include="..\operatsb.cpp">
      <Filter>cpp</Filter>
    </ClCompile>
    <ClCompile Include="..\parser1.cpp">
      <Filter>cpp</Filter>
    </ClCompile>
    <ClCompile Include="..\parser2.cpp">
      <Filter>cpp</Filter>
    </ClCompile>
    <ClCompile Include="..\parser3.cpp">
      <Filter>cpp</Filter>
    </ClCompile>
    <ClCompile Include="..\precomp.cpp">
      <Filter>cpp</Filter>
    </ClCompile>
    <ClCompile Include="..\sockets.cpp">
      <Filter>cpp</Filter>
    </ClCompile>
    <ClCompile Include="..\ssl.cpp">
      <Filter>cpp</Filter>
    </ClCompile>
    <ClCompile Include="..\..\shared\auxtools.cpp">
      <Filter>shared</Filter>
    </ClCompile>
    <ClCompile Include="..\..\shared\dbg.cpp">
      <Filter>shared</Filter>
    </ClCompile>
    <ClCompile Include="..\..\shared\mhandles.cpp">
      <Filter>shared</Filter>
    </ClCompile>
    <ClCompile Include="..\..\shared\winliblt.cpp">
      <Filter>shared</Filter>
    </ClCompile>
  </ItemGroup>
  <ItemGroup>
    <ClInclude Include="..\ctrlcon.h">
      <Filter>h</Filter>
    </ClInclude>
    <ClInclude Include="..\datacon.h">
      <Filter>h</Filter>
    </ClInclude>
    <ClInclude Include="..\dialogs.h">
      <Filter>h</Filter>
    </ClInclude>
    <ClInclude Include="..\ftp.h">
      <Filter>h</Filter>
    </ClInclude>
    <ClInclude Include="..\ftputils.h">
      <Filter>h</Filter>
    </ClInclude>
    <ClInclude Include="..\operats.h">
      <Filter>h</Filter>
    </ClInclude>
    <ClInclude Include="..\parser.h">
      <Filter>h</Filter>
    </ClInclude>
    <ClInclude Include="..\precomp.h">
      <Filter>h</Filter>
    </ClInclude>
    <ClInclude Include="..\sockets.h">
      <Filter>h</Filter>
    </ClInclude>
    <ClInclude Include="..\ssl.h">
      <Filter>h</Filter>
    </ClInclude>
    <ClInclude Include="..\..\shared\arraylt.h">
      <Filter>shared</Filter>
    </ClInclude>
    <ClInclude Include="..\..\shared\auxtools.h">
      <Filter>shared</Filter>
    </ClInclude>
    <ClInclude Include="..\..\shared\dbg.h">
      <Filter>shared</Filter>
    </ClInclude>
    <ClInclude Include="..\..\shared\mhandles.h">
      <Filter>shared</Filter>
    </ClInclude>
    <ClInclude Include="..\..\shared\spl_base.h">
      <Filter>shared</Filter>
    </ClInclude>
    <ClInclude Include="..\..\shared\spl_com.h">
      <Filter>shared</Filter>
    </ClInclude>
    <ClInclude Include="..\..\shared\spl_fs.h">
      <Filter>shared</Filter>
    </ClInclude>
    <ClInclude Include="..\..\shared\spl_gen.h">
      <Filter>shared</Filter>
    </ClInclude>
    <ClInclude Include="..\..\shared\spl_gui.h">
      <Filter>shared</Filter>
    </ClInclude>
    <ClInclude Include="..\..\shared\spl_menu.h">
      <Filter>shared</Filter>
    </ClInclude>
    <ClInclude Include="..\..\shared\spl_vers.h">
      <Filter>shared</Filter>
    </ClInclude>
    <ClInclude Include="..\..\shared\winliblt.h">
      <Filter>shared</Filter>
    </ClInclude>
  </ItemGroup>
  <ItemGroup>
    <None Include="..\ftp.def">
      <Filter>rc</Filter>
    </None>
    <None Include="..\ftp.rc2">
      <Filter>rc</Filter>
    </None>
    <None Include="..\ftp.rh">
      <Filter>rc</Filter>
    </None>
    <None Include="..\ftp.rh2">
      <Filter>rc</Filter>
    </None>
    <None Include="..\lang\lang.rh">
      <Filter>rc</Filter>
    </None>
    <None Include="..\versinfo.rh2">
      <Filter>rc</Filter>
    </None>
  </ItemGroup>
  <ItemGroup>
    <ResourceCompile Include="..\ftp.rc">
      <Filter>rc</Filter>
    </ResourceCompile>
  </ItemGroup>
</Project>