<?xml version="1.0" encoding="utf-8"?>
<Project ToolsVersion="4.0" xmlns="http://schemas.microsoft.com/developer/msbuild/2003">
  <ItemGroup>
    <Filter Include="cpp">
      <UniqueIdentifier>{fea38012-90fb-4f73-884d-c3436dc30101}</UniqueIdentifier>
    </Filter>
    <Filter Include="h">
      <UniqueIdentifier>{4e9468a3-c4a4-47bf-b66c-8cd8d4be338c}</UniqueIdentifier>
    </Filter>
    <Filter Include="rc">
      <UniqueIdentifier>{f5167a46-6197-47ae-b891-bada363530fe}</UniqueIdentifier>
    </Filter>
    <Filter Include="shared">
      <UniqueIdentifier>{b281733b-d985-4109-8b44-edc7355b244a}</UniqueIdentifier>
    </Filter>
  </ItemGroup>
  <ItemGroup>
    <ClCompile Include="..\cache.cpp">
      <Filter>cpp</Filter>
    </ClCompile>
    <ClCompile Include="..\cfgdlg.cpp">
      <Filter>cpp</Filter>
    </ClCompile>
    <ClCompile Include="..\entry.cpp">
      <Filter>cpp</Filter>
    </ClCompile>
    <ClCompile Include="..\globals.cpp">
      <Filter>cpp</Filter>
    </ClCompile>
    <ClCompile Include="..\icons.cpp">
      <Filter>cpp</Filter>
    </ClCompile>
    <ClCompile Include="..\nethood.cpp">
      <Filter>cpp</Filter>
    </ClCompile>
    <ClCompile Include="..\nethooddata.cpp">
      <Filter>cpp</Filter>
    </ClCompile>
    <ClCompile Include="..\nethoodfs.cpp">
      <Filter>cpp</Filter>
    </ClCompile>
    <ClCompile Include="..\nethoodfs2.cpp">
      <Filter>cpp</Filter>
    </ClCompile>
    <ClCompile Include="..\nethoodmenu.cpp">
      <Filter>cpp</Filter>
    </ClCompile>
    <ClCompile Include="..\precomp.cpp">
      <Filter>cpp</Filter>
    </ClCompile>
    <ClCompile Include="..\salutils.cpp">
      <Filter>cpp</Filter>
    </ClCompile>
    <ClCompile Include="..\..\shared\auxtools.cpp">
      <Filter>shared</Filter>
    </ClCompile>
    <ClCompile Include="..\..\shared\dbg.cpp">
      <Filter>shared</Filter>
    </ClCompile>
    <ClCompile Include="..\..\shared\mhandles.cpp">
      <Filter>shared</Filter>
    </ClCompile>
    <ClCompile Include="..\..\shared\winliblt.cpp">
      <Filter>shared</Filter>
    </ClCompile>
  </ItemGroup>
  <ItemGroup>
    <ClInclude Include="..\cache.h">
      <Filter>h</Filter>
    </ClInclude>
    <ClInclude Include="..\cfgdlg.h">
      <Filter>h</Filter>
    </ClInclude>
    <ClInclude Include="..\config.h">
      <Filter>h</Filter>
    </ClInclude>
    <ClInclude Include="..\globals.h">
      <Filter>h</Filter>
    </ClInclude>
    <ClInclude Include="..\icons.h">
      <Filter>h</Filter>
    </ClInclude>
    <ClInclude Include="..\nethood.h">
      <Filter>h</Filter>
    </ClInclude>
    <ClInclude Include="..\nethooddata.h">
      <Filter>h</Filter>
    </ClInclude>
    <ClInclude Include="..\nethoodfs.h">
      <Filter>h</Filter>
    </ClInclude>
    <ClInclude Include="..\nethoodfs2.h">
      <Filter>h</Filter>
    </ClInclude>
    <ClInclude Include="..\nethoodmenu.h">
      <Filter>h</Filter>
    </ClInclude>
    <ClInclude Include="..\precomp.h">
      <Filter>h</Filter>
    </ClInclude>
    <ClInclude Include="..\salutils.h">
      <Filter>h</Filter>
    </ClInclude>
    <ClInclude Include="..\tree.h">
      <Filter>h</Filter>
    </ClInclude>
    <ClInclude Include="..\..\shared\arraylt.h">
      <Filter>shared</Filter>
    </ClInclude>
    <ClInclude Include="..\..\shared\auxtools.h">
      <Filter>shared</Filter>
    </ClInclude>
    <ClInclude Include="..\..\shared\dbg.h">
      <Filter>shared</Filter>
    </ClInclude>
    <ClInclude Include="..\..\shared\mhandles.h">
      <Filter>shared</Filter>
    </ClInclude>
    <ClInclude Include="..\..\shared\spl_arc.h">
      <Filter>shared</Filter>
    </ClInclude>
    <ClInclude Include="..\..\shared\spl_base.h">
      <Filter>shared</Filter>
    </ClInclude>
    <ClInclude Include="..\..\shared\spl_com.h">
      <Filter>shared</Filter>
    </ClInclude>
    <ClInclude Include="..\..\shared\spl_fs.h">
      <Filter>shared</Filter>
    </ClInclude>
    <ClInclude Include="..\..\shared\spl_gen.h">
      <Filter>shared</Filter>
    </ClInclude>
    <ClInclude Include="..\..\shared\spl_gui.h">
      <Filter>shared</Filter>
    </ClInclude>
    <ClInclude Include="..\..\shared\spl_menu.h">
      <Filter>shared</Filter>
    </ClInclude>
    <ClInclude Include="..\..\shared\spl_thum.h">
      <Filter>shared</Filter>
    </ClInclude>
    <ClInclude Include="..\..\shared\spl_vers.h">
      <Filter>shared</Filter>
    </ClInclude>
    <ClInclude Include="..\..\shared\spl_view.h">
      <Filter>shared</Filter>
    </ClInclude>
    <ClInclude Include="..\..\shared\winliblt.h">
      <Filter>shared</Filter>
    </ClInclude>
  </ItemGroup>
  <ItemGroup>
    <None Include="..\lang\lang.rh">
      <Filter>rc</Filter>
    </None>
    <None Include="..\nethood.rc2">
      <Filter>rc</Filter>
    </None>
    <None Include="..\nethood.rh">
      <Filter>rc</Filter>
    </None>
    <None Include="..\nethood.rh2">
      <Filter>rc</Filter>
    </None>
    <None Include="..\salamander.def">
      <Filter>rc</Filter>
    </None>
    <None Include="..\versinfo.rh2">
      <Filter>rc</Filter>
    </None>
  </ItemGroup>
  <ItemGroup>
    <ResourceCompile Include="..\nethood.rc">
      <Filter>rc</Filter>
    </ResourceCompile>
  </ItemGroup>
</Project>