<?xml version="1.0" encoding="utf-8"?>
<Project ToolsVersion="4.0" xmlns="http://schemas.microsoft.com/developer/msbuild/2003">
  <ItemGroup>
    <Filter Include="cpp">
      <UniqueIdentifier>{ad58d636-66bd-42c2-8445-f7198f9a7d8a}</UniqueIdentifier>
    </Filter>
    <Filter Include="h">
      <UniqueIdentifier>{2c03e023-dd80-457c-b16e-970f31b8cc2c}</UniqueIdentifier>
    </Filter>
    <Filter Include="Shared">
      <UniqueIdentifier>{9d80d77d-df72-41ec-ab91-b9c71a6c3f8a}</UniqueIdentifier>
    </Filter>
    <Filter Include="rc">
      <UniqueIdentifier>{e085181e-d4b8-4c27-a590-6e777efbfe82}</UniqueIdentifier>
    </Filter>
  </ItemGroup>
  <ItemGroup>
    <ClCompile Include="..\dialogs.cpp">
      <Filter>cpp</Filter>
    </ClCompile>
    <ClCompile Include="..\histwnd.cpp">
      <Filter>cpp</Filter>
    </ClCompile>
    <ClCompile Include="..\pictview.cpp">
      <Filter>cpp</Filter>
    </ClCompile>
    <ClCompile Include="..\PixelAccess.cpp">
      <Filter>cpp</Filter>
    </ClCompile>
    <ClCompile Include="..\precomp.cpp">
      <Filter>cpp</Filter>
    </ClCompile>
    <ClCompile Include="..\print.cpp">
      <Filter>cpp</Filter>
    </ClCompile>
    <ClCompile Include="..\PVEXEWrapper.cpp">
      <Filter>cpp</Filter>
    </ClCompile>
    <ClCompile Include="..\PVMessage.cpp">
      <Filter>cpp</Filter>
    </ClCompile>
    <ClCompile Include="..\PVMessageWrapper.cpp">
      <Filter>cpp</Filter>
    </ClCompile>
    <ClCompile Include="..\pvtwain.cpp">
      <Filter>cpp</Filter>
    </ClCompile>
    <ClCompile Include="..\render1.cpp">
      <Filter>cpp</Filter>
    </ClCompile>
    <ClCompile Include="..\render2.cpp">
      <Filter>cpp</Filter>
    </ClCompile>
    <ClCompile Include="..\saveas.cpp">
      <Filter>cpp</Filter>
    </ClCompile>
    <ClCompile Include="..\statsbar.cpp">
      <Filter>cpp</Filter>
    </ClCompile>
    <ClCompile Include="..\thumbs.cpp">
      <Filter>cpp</Filter>
    </ClCompile>
    <ClCompile Include="..\Thumbnailer.cpp">
      <Filter>cpp</Filter>
    </ClCompile>
    <ClCompile Include="..\utils.cpp">
      <Filter>cpp</Filter>
    </ClCompile>
    <ClCompile Include="..\..\shared\auxtools.cpp">
      <Filter>Shared</Filter>
    </ClCompile>
    <ClCompile Include="..\..\shared\dbg.cpp">
      <Filter>Shared</Filter>
    </ClCompile>
    <ClCompile Include="..\..\shared\lukas\gdi.cpp">
      <Filter>Shared</Filter>
    </ClCompile>
    <ClCompile Include="..\..\shared\winliblt.cpp">
      <Filter>Shared</Filter>
    </ClCompile>
    <ClCompile Include="..\wiawrap.cpp">
      <Filter>cpp</Filter>
    </ClCompile>
  </ItemGroup>
  <ItemGroup>
    <ClInclude Include="..\dialogs.h">
      <Filter>h</Filter>
    </ClInclude>
    <ClInclude Include="..\histwnd.h">
      <Filter>h</Filter>
    </ClInclude>
    <ClInclude Include="..\pictview.h">
      <Filter>h</Filter>
    </ClInclude>
    <ClInclude Include="..\PixelAccess.h">
      <Filter>h</Filter>
    </ClInclude>
    <ClInclude Include="..\precomp.h">
      <Filter>h</Filter>
    </ClInclude>
    <ClInclude Include="..\PVEXEWrapper.h">
      <Filter>h</Filter>
    </ClInclude>
    <ClInclude Include="..\PVMessage.h">
      <Filter>h</Filter>
    </ClInclude>
    <ClInclude Include="..\pvtwain.h">
      <Filter>h</Filter>
    </ClInclude>
    <ClInclude Include="..\lib\pvw32dll.h">
      <Filter>h</Filter>
    </ClInclude>
    <ClInclude Include="..\renderer.h">
      <Filter>h</Filter>
    </ClInclude>
    <ClInclude Include="..\Thumbnailer.h">
      <Filter>h</Filter>
    </ClInclude>
    <ClInclude Include="..\twain\twain.h">
      <Filter>h</Filter>
    </ClInclude>
    <ClInclude Include="..\utils.h">
      <Filter>h</Filter>
    </ClInclude>
    <ClInclude Include="..\..\shared\auxtools.h">
      <Filter>Shared</Filter>
    </ClInclude>
    <ClInclude Include="..\..\shared\dbg.h">
      <Filter>Shared</Filter>
    </ClInclude>
    <ClInclude Include="..\..\shared\lukas\gdi.h">
      <Filter>Shared</Filter>
    </ClInclude>
    <ClInclude Include="..\..\shared\spl_arc.h">
      <Filter>Shared</Filter>
    </ClInclude>
    <ClInclude Include="..\..\shared\spl_base.h">
      <Filter>Shared</Filter>
    </ClInclude>
    <ClInclude Include="..\..\shared\spl_com.h">
      <Filter>Shared</Filter>
    </ClInclude>
    <ClInclude Include="..\..\shared\spl_fs.h">
      <Filter>Shared</Filter>
    </ClInclude>
    <ClInclude Include="..\..\shared\spl_gen.h">
      <Filter>Shared</Filter>
    </ClInclude>
    <ClInclude Include="..\..\shared\spl_gui.h">
      <Filter>Shared</Filter>
    </ClInclude>
    <ClInclude Include="..\..\shared\spl_menu.h">
      <Filter>Shared</Filter>
    </ClInclude>
    <ClInclude Include="..\..\shared\spl_thum.h">
      <Filter>Shared</Filter>
    </ClInclude>
    <ClInclude Include="..\..\shared\spl_vers.h">
      <Filter>Shared</Filter>
    </ClInclude>
    <ClInclude Include="..\..\shared\spl_view.h">
      <Filter>Shared</Filter>
    </ClInclude>
    <ClInclude Include="..\..\shared\winliblt.h">
      <Filter>Shared</Filter>
    </ClInclude>
    <ClInclude Include="..\wiawrap.h">
      <Filter>h</Filter>
    </ClInclude>
  </ItemGroup>
  <ItemGroup>
    <None Include="..\lang\lang.rh">
      <Filter>rc</Filter>
    </None>
    <None Include="..\pictview.def">
      <Filter>rc</Filter>
    </None>
    <None Include="..\pictview.rc2">
      <Filter>rc</Filter>
    </None>
    <None Include="..\pictview.rh">
      <Filter>rc</Filter>
    </None>
    <None Include="..\pictview.rh2">
      <Filter>rc</Filter>
    </None>
    <None Include="..\versinfo.rh2">
      <Filter>rc</Filter>
    </None>
  </ItemGroup>
  <ItemGroup>
    <ResourceCompile Include="..\pictview.rc">
      <Filter>rc</Filter>
    </ResourceCompile>
  </ItemGroup>
</Project>