<?xml version="1.0" encoding="utf-8"?>
<Project ToolsVersion="4.0" xmlns="http://schemas.microsoft.com/developer/msbuild/2003">
  <ItemGroup>
    <Filter Include="cpp">
      <UniqueIdentifier>{73c2a79f-782c-4eaf-8995-20fdfcb843cb}</UniqueIdentifier>
      <Extensions>cpp</Extensions>
    </Filter>
    <Filter Include="h">
      <UniqueIdentifier>{cb0f354c-b3c4-4ea2-88c8-5f2a11466dcf}</UniqueIdentifier>
      <Extensions>h</Extensions>
    </Filter>
    <Filter Include="rc">
      <UniqueIdentifier>{81ecd27f-2866-4b80-a5f4-7207d11df036}</UniqueIdentifier>
      <Extensions>rc;rh</Extensions>
    </Filter>
  </ItemGroup>
  <ItemGroup>
    <ClCompile Include="..\..\shared\dbg.cpp">
      <Filter>cpp</Filter>
    </ClCompile>
    <ClCompile Include="..\dialogs.cpp">
      <Filter>cpp</Filter>
    </ClCompile>
    <ClCompile Include="..\precomp.cpp">
      <Filter>cpp</Filter>
    </ClCompile>
    <ClCompile Include="..\uncab.cpp">
      <Filter>cpp</Filter>
    </ClCompile>
  </ItemGroup>
  <ItemGroup>
    <ClInclude Include="..\dialogs.h">
      <Filter>h</Filter>
    </ClInclude>
    <ClInclude Include="..\precomp.h">
      <Filter>h</Filter>
    </ClInclude>
    <ClInclude Include="..\..\shared\spl_arc.h">
      <Filter>h</Filter>
    </ClInclude>
    <ClInclude Include="..\..\shared\spl_base.h">
      <Filter>h</Filter>
    </ClInclude>
    <ClInclude Include="..\..\shared\spl_com.h">
      <Filter>h</Filter>
    </ClInclude>
    <ClInclude Include="..\..\shared\spl_fs.h">
      <Filter>h</Filter>
    </ClInclude>
    <ClInclude Include="..\..\shared\spl_gen.h">
      <Filter>h</Filter>
    </ClInclude>
    <ClInclude Include="..\..\shared\spl_menu.h">
      <Filter>h</Filter>
    </ClInclude>
    <ClInclude Include="..\..\shared\spl_vers.h">
      <Filter>h</Filter>
    </ClInclude>
    <ClInclude Include="..\..\shared\spl_view.h">
      <Filter>h</Filter>
    </ClInclude>
    <ClInclude Include="..\uncab.h">
      <Filter>h</Filter>
    </ClInclude>
  </ItemGroup>
  <ItemGroup>
    <None Include="..\lang\lang.rh">
      <Filter>rc</Filter>
    </None>
    <None Include="..\uncab.rc2">
      <Filter>rc</Filter>
    </None>
    <None Include="..\uncab.rh">
      <Filter>rc</Filter>
    </None>
    <None Include="..\uncab.rh2">
      <Filter>rc</Filter>
    </None>
    <None Include="..\versinfo.rh2">
      <Filter>rc</Filter>
    </None>
    <None Include="..\uncab.def" />
  </ItemGroup>
  <ItemGroup>
    <ResourceCompile Include="..\uncab.rc">
      <Filter>rc</Filter>
    </ResourceCompile>
  </ItemGroup>
</Project>