<?xml version="1.0" encoding="utf-8"?>
<Project ToolsVersion="4.0" xmlns="http://schemas.microsoft.com/developer/msbuild/2003">
  <ItemGroup>
    <Filter Include="Source Files">
      <UniqueIdentifier>{d40c4aa7-476b-4a70-b72a-2626b302c43e}</UniqueIdentifier>
      <Extensions>cpp;c;cxx;rc;def;r;odl;idl;hpj;bat</Extensions>
    </Filter>
    <Filter Include="Header Files">
      <UniqueIdentifier>{5b02c6e4-cd2e-43f0-92eb-6d0fcee0e723}</UniqueIdentifier>
      <Extensions>h;hpp;hxx;hm;inl</Extensions>
    </Filter>
    <Filter Include="Resource Files">
      <UniqueIdentifier>{85fd466c-278a-48f4-9e81-15df3d538bd4}</UniqueIdentifier>
      <Extensions>ico;cur;bmp;dlg;rc2;rct;bin;rgs;gif;jpg;jpeg;jpe</Extensions>
    </Filter>
    <Filter Include="Commons">
      <UniqueIdentifier>{e213334d-fa52-40c0-9ef6-c7d1ec47aece}</UniqueIdentifier>
    </Filter>
  </ItemGroup>
  <ItemGroup>
    <ClCompile Include="..\translator.cpp">
      <Filter>Source Files</Filter>
    </ClCompile>
    <ClCompile Include="..\bitmap.cpp">
      <Filter>Source Files</Filter>
    </ClCompile>
    <ClCompile Include="..\checklst.cpp">
      <Filter>Source Files</Filter>
    </ClCompile>
    <ClCompile Include="..\config.cpp">
      <Filter>Source Files</Filter>
    </ClCompile>
    <ClCompile Include="..\databook.cpp">
      <Filter>Source Files</Filter>
    </ClCompile>
    <ClCompile Include="..\datacnfl.cpp">
      <Filter>Source Files</Filter>
    </ClCompile>
    <ClCompile Include="..\datadlg.cpp">
      <Filter>Source Files</Filter>
    </ClCompile>
    <ClCompile Include="..\datafind.cpp">
      <Filter>Source Files</Filter>
    </ClCompile>
    <ClCompile Include="..\datamenu.cpp">
      <Filter>Source Files</Filter>
    </ClCompile>
    <ClCompile Include="..\datamui.cpp">
      <Filter>Source Files</Filter>
    </ClCompile>
    <ClCompile Include="..\dataprj.cpp">
      <Filter>Source Files</Filter>
    </ClCompile>
    <ClCompile Include="..\datarh.cpp">
      <Filter>Source Files</Filter>
    </ClCompile>
    <ClCompile Include="..\datastr.cpp">
      <Filter>Source Files</Filter>
    </ClCompile>
    <ClCompile Include="..\dataui.cpp">
      <Filter>Source Files</Filter>
    </ClCompile>
    <ClCompile Include="..\dialogs.cpp">
      <Filter>Source Files</Filter>
    </ClCompile>
    <ClCompile Include="..\ignorelst.cpp">
      <Filter>Source Files</Filter>
    </ClCompile>
    <ClCompile Include="..\ms_init.cpp">
      <Filter>Source Files</Filter>
    </ClCompile>
    <ClCompile Include="..\precomp.cpp">
      <Filter>Source Files</Filter>
    </ClCompile>
    <ClCompile Include="..\restart.cpp">
      <Filter>Source Files</Filter>
    </ClCompile>
    <ClCompile Include="..\salmenu.cpp">
      <Filter>Source Files</Filter>
    </ClCompile>
    <ClCompile Include="..\trldata.cpp">
      <Filter>Source Files</Filter>
    </ClCompile>
    <ClCompile Include="..\versinfo.cpp">
      <Filter>Source Files</Filter>
    </ClCompile>
    <ClCompile Include="..\wndframe.cpp">
      <Filter>Source Files</Filter>
    </ClCompile>
    <ClCompile Include="..\wndlayt.cpp">
      <Filter>Source Files</Filter>
    </ClCompile>
    <ClCompile Include="..\wndout.cpp">
      <Filter>Source Files</Filter>
    </ClCompile>
    <ClCompile Include="..\wndprev.cpp">
      <Filter>Source Files</Filter>
    </ClCompile>
    <ClCompile Include="..\wndrh.cpp">
      <Filter>Source Files</Filter>
    </ClCompile>
    <ClCompile Include="..\wndtext.cpp">
      <Filter>Source Files</Filter>
    </ClCompile>
    <ClCompile Include="..\wndtree.cpp">
      <Filter>Source Files</Filter>
    </ClCompile>
    <ClCompile Include="..\common\array.cpp">
      <Filter>Commons</Filter>
    </ClCompile>
    <ClCompile Include="..\common\handles.cpp">
      <Filter>Commons</Filter>
    </ClCompile>
    <ClCompile Include="..\common\heap.cpp">
      <Filter>Commons</Filter>
    </ClCompile>
    <ClCompile Include="..\common\lstrfix.cpp">
      <Filter>Commons</Filter>
    </ClCompile>
    <ClCompile Include="..\common\messages.cpp">
      <Filter>Commons</Filter>
    </ClCompile>
    <ClCompile Include="..\common\str.cpp">
      <Filter>Commons</Filter>
    </ClCompile>
    <ClCompile Include="..\common\trace.cpp">
      <Filter>Commons</Filter>
    </ClCompile>
    <ClCompile Include="..\common\winlib.cpp">
      <Filter>Commons</Filter>
    </ClCompile>
    <ClCompile Include="..\trlipc.cpp">
      <Filter>Source Files</Filter>
    </ClCompile>
    <ClCompile Include="..\datasel.cpp">
      <Filter>Source Files</Filter>
    </ClCompile>
    <ClCompile Include="..\dlgdummy.cpp">
      <Filter>Source Files</Filter>
    </ClCompile>
    <ClCompile Include="..\transfrm.cpp">
      <Filter>Source Files</Filter>
    </ClCompile>
    <ClCompile Include="..\common\allochan.cpp">
      <Filter>Commons</Filter>
    </ClCompile>
  </ItemGroup>
  <ItemGroup>
    <ClInclude Include="..\translator.h">
      <Filter>Header Files</Filter>
    </ClInclude>
    <ClInclude Include="..\bitmap.h">
      <Filter>Header Files</Filter>
    </ClInclude>
    <ClInclude Include="..\config.h">
      <Filter>Header Files</Filter>
    </ClInclude>
    <ClInclude Include="..\consts.h">
      <Filter>Header Files</Filter>
    </ClInclude>
    <ClInclude Include="..\datarh.h">
      <Filter>Header Files</Filter>
    </ClInclude>
    <ClInclude Include="..\dialogs.h">
      <Filter>Header Files</Filter>
    </ClInclude>
    <ClInclude Include="..\oe_data.h">
      <Filter>Header Files</Filter>
    </ClInclude>
    <ClInclude Include="..\precomp.h">
      <Filter>Header Files</Filter>
    </ClInclude>
    <ClInclude Include="..\resource.h">
      <Filter>Header Files</Filter>
    </ClInclude>
    <ClInclude Include="..\trldata.h">
      <Filter>Header Files</Filter>
    </ClInclude>
    <ClInclude Include="..\versinfo.h">
      <Filter>Header Files</Filter>
    </ClInclude>
    <ClInclude Include="..\wndframe.h">
      <Filter>Header Files</Filter>
    </ClInclude>
    <ClInclude Include="..\wndlayt.h">
      <Filter>Header Files</Filter>
    </ClInclude>
    <ClInclude Include="..\wndout.h">
      <Filter>Header Files</Filter>
    </ClInclude>
    <ClInclude Include="..\wndprev.h">
      <Filter>Header Files</Filter>
    </ClInclude>
    <ClInclude Include="..\wndrh.h">
      <Filter>Header Files</Filter>
    </ClInclude>
    <ClInclude Include="..\wndtext.h">
      <Filter>Header Files</Filter>
    </ClInclude>
    <ClInclude Include="..\wndtree.h">
      <Filter>Header Files</Filter>
    </ClInclude>
    <ClInclude Include="..\common\array.h">
      <Filter>Commons</Filter>
    </ClInclude>
    <ClInclude Include="..\common\handles.h">
      <Filter>Commons</Filter>
    </ClInclude>
    <ClInclude Include="..\common\lstrfix.h">
      <Filter>Commons</Filter>
    </ClInclude>
    <ClInclude Include="..\common\messages.h">
      <Filter>Commons</Filter>
    </ClInclude>
    <ClInclude Include="..\common\str.h">
      <Filter>Commons</Filter>
    </ClInclude>
    <ClInclude Include="..\common\trace.h">
      <Filter>Commons</Filter>
    </ClInclude>
    <ClInclude Include="..\common\winlib.h">
      <Filter>Commons</Filter>
    </ClInclude>
    <ClInclude Include="..\trlipc.h">
      <Filter>Header Files</Filter>
    </ClInclude>
    <ClInclude Include="..\common\allochan.h">
      <Filter>Commons</Filter>
    </ClInclude>
  </ItemGroup>
  <ItemGroup>
    <Image Include="..\translator.ico">
      <Filter>Resource Files</Filter>
    </Image>
    <Image Include="..\tree.bmp">
      <Filter>Resource Files</Filter>
    </Image>
    <Image Include="..\dummy.ico">
      <Filter>Resource Files</Filter>
    </Image>
  </ItemGroup>
  <ItemGroup>
    <ResourceCompile Include="..\translator.rc">
      <Filter>Resource Files</Filter>
    </ResourceCompile>
  </ItemGroup>
  <ItemGroup>
    <Xml Include="..\manifest.xml">
      <Filter>Resource Files</Filter>
    </Xml>
  </ItemGroup>
</Project>