<?xml version="1.0" encoding="utf-8"?>
<Project ToolsVersion="4.0" xmlns="http://schemas.microsoft.com/developer/msbuild/2003">
  <ItemGroup>
    <Filter Include="Source Files">
      <UniqueIdentifier>{4FC737F1-C7A5-4376-A066-2A32D752A2FF}</UniqueIdentifier>
      <Extensions>cpp;c;cc;cxx;def;odl;idl;hpj;bat;asm;asmx</Extensions>
    </Filter>
    <Filter Include="Source Files\Salamander Source Files">
      <UniqueIdentifier>{a00aeb4f-2cbd-453d-a817-27e520acfdef}</UniqueIdentifier>
    </Filter>
    <Filter Include="Header Files">
      <UniqueIdentifier>{93995380-89BD-4b04-88EB-625FBE52EBFB}</UniqueIdentifier>
      <Extensions>h;rh;rh2;hpp;hxx;hm;inl;inc;xsd</Extensions>
    </Filter>
    <Filter Include="Resource Files">
      <UniqueIdentifier>{67DA6AB6-F800-4c08-8B7A-83BB121AAD01}</UniqueIdentifier>
      <Extensions>rc;ico;cur;bmp;dlg;rc2;rct;bin;rgs;gif;jpg;jpeg;jpe;resx;tiff;tif;png;wav</Extensions>
    </Filter>
  </ItemGroup>
  <ItemGroup>
    <ClCompile Include="..\abortmodal.cpp">
      <Filter>Source Files</Filter>
    </ClCompile>
    <ClCompile Include="..\abortpalette.cpp">
      <Filter>Source Files</Filter>
    </ClCompile>
    <ClCompile Include="..\automationplug.cpp">
      <Filter>Source Files</Filter>
    </ClCompile>
    <ClCompile Include="..\aututils.cpp">
      <Filter>Source Files</Filter>
    </ClCompile>
    <ClCompile Include="..\cfgdlg.cpp">
      <Filter>Source Files</Filter>
    </ClCompile>
    <ClCompile Include="..\dialogimpl.cpp">
      <Filter>Source Files</Filter>
    </ClCompile>
    <ClCompile Include="..\engassoc.cpp">
      <Filter>Source Files</Filter>
    </ClCompile>
    <ClCompile Include="..\entry.cpp">
      <Filter>Source Files</Filter>
    </ClCompile>
    <ClCompile Include="..\fileinfo.cpp">
      <Filter>Source Files</Filter>
    </ClCompile>
    <ClCompile Include="..\guibutton.cpp">
      <Filter>Source Files</Filter>
    </ClCompile>
    <ClCompile Include="..\guichkbox.cpp">
      <Filter>Source Files</Filter>
    </ClCompile>
    <ClCompile Include="..\guicomponent.cpp">
      <Filter>Source Files</Filter>
    </ClCompile>
    <ClCompile Include="..\guicontainer.cpp">
      <Filter>Source Files</Filter>
    </ClCompile>
    <ClCompile Include="..\guiform.cpp">
      <Filter>Source Files</Filter>
    </ClCompile>
    <ClCompile Include="..\guilabel.cpp">
      <Filter>Source Files</Filter>
    </ClCompile>
    <ClCompile Include="..\guinamespace.cpp">
      <Filter>Source Files</Filter>
    </ClCompile>
    <ClCompile Include="..\guitxtbox.cpp">
      <Filter>Source Files</Filter>
    </ClCompile>
    <ClCompile Include="..\itemaut.cpp">
      <Filter>Source Files</Filter>
    </ClCompile>
    <ClCompile Include="..\itemcoll.cpp">
      <Filter>Source Files</Filter>
    </ClCompile>
    <ClCompile Include="..\knownengines.cpp">
      <Filter>Source Files</Filter>
    </ClCompile>
    <ClCompile Include="..\panelaut.cpp">
      <Filter>Source Files</Filter>
    </ClCompile>
    <ClCompile Include="..\persistence.cpp">
      <Filter>Source Files</Filter>
    </ClCompile>
    <ClCompile Include="..\precomp.cpp">
      <Filter>Source Files</Filter>
    </ClCompile>
    <ClCompile Include="..\processlist.cpp">
      <Filter>Source Files</Filter>
    </ClCompile>
    <ClCompile Include="..\progressaut.cpp">
      <Filter>Source Files</Filter>
    </ClCompile>
    <ClCompile Include="..\raiserr.cpp">
      <Filter>Source Files</Filter>
    </ClCompile>
    <ClCompile Include="..\generated\salamander_i.c">
      <Filter>Source Files</Filter>
    </ClCompile>
    <ClCompile Include="..\salamanderaut.cpp">
      <Filter>Source Files</Filter>
    </ClCompile>
    <ClCompile Include="..\saltypelib.cpp">
      <Filter>Source Files</Filter>
    </ClCompile>
    <ClCompile Include="..\scriptinfoaut.cpp">
      <Filter>Source Files</Filter>
    </ClCompile>
    <ClCompile Include="..\scriptlist.cpp">
      <Filter>Source Files</Filter>
    </ClCompile>
    <ClCompile Include="..\shim.cpp">
      <Filter>Source Files</Filter>
    </ClCompile>
    <ClCompile Include="..\scriptsite.cpp">
      <Filter>Source Files</Filter>
    </ClCompile>
    <ClCompile Include="..\strconv.cpp">
      <Filter>Source Files</Filter>
    </ClCompile>
    <ClCompile Include="..\waitwndaut.cpp">
      <Filter>Source Files</Filter>
    </ClCompile>
    <ClCompile Include="..\..\shared\auxtools.cpp">
      <Filter>Source Files\Salamander Source Files</Filter>
    </ClCompile>
    <ClCompile Include="..\..\shared\dbg.cpp">
      <Filter>Source Files\Salamander Source Files</Filter>
    </ClCompile>
    <ClCompile Include="..\..\shared\mhandles.cpp">
      <Filter>Source Files\Salamander Source Files</Filter>
    </ClCompile>
    <ClCompile Include="..\..\shared\winliblt.cpp">
      <Filter>Source Files\Salamander Source Files</Filter>
    </ClCompile>
  </ItemGroup>
  <ItemGroup>
    <Midl Include="..\salamander.idl">
      <Filter>Source Files</Filter>
    </Midl>
  </ItemGroup>
  <ItemGroup>
    <ClInclude Include="..\abortmodal.h">
      <Filter>Header Files</Filter>
    </ClInclude>
    <ClInclude Include="..\abortpalette.h">
      <Filter>Header Files</Filter>
    </ClInclude>
    <ClInclude Include="..\automationplug.h">
      <Filter>Header Files</Filter>
    </ClInclude>
    <ClInclude Include="..\aututils.h">
      <Filter>Header Files</Filter>
    </ClInclude>
    <ClInclude Include="..\cfgdlg.h">
      <Filter>Header Files</Filter>
    </ClInclude>
    <ClInclude Include="..\dialogimpl.h">
      <Filter>Header Files</Filter>
    </ClInclude>
    <ClInclude Include="..\dispimpl.h">
      <Filter>Header Files</Filter>
    </ClInclude>
    <ClInclude Include="..\engassoc.h">
      <Filter>Header Files</Filter>
    </ClInclude>
    <ClInclude Include="..\fileinfo.h">
      <Filter>Header Files</Filter>
    </ClInclude>
    <ClInclude Include="..\guibutton.h">
      <Filter>Header Files</Filter>
    </ClInclude>
    <ClInclude Include="..\guichkbox.h">
      <Filter>Header Files</Filter>
    </ClInclude>
    <ClInclude Include="..\guicomponent.h">
      <Filter>Header Files</Filter>
    </ClInclude>
    <ClInclude Include="..\guicontainer.h">
      <Filter>Header Files</Filter>
    </ClInclude>
    <ClInclude Include="..\guidefs.h">
      <Filter>Header Files</Filter>
    </ClInclude>
    <ClInclude Include="..\guiform.h">
      <Filter>Header Files</Filter>
    </ClInclude>
    <ClInclude Include="..\guilabel.h">
      <Filter>Header Files</Filter>
    </ClInclude>
    <ClInclude Include="..\guinamespace.h">
      <Filter>Header Files</Filter>
    </ClInclude>
    <ClInclude Include="..\guitxtbox.h">
      <Filter>Header Files</Filter>
    </ClInclude>
    <ClInclude Include="..\inputbox.h">
      <Filter>Header Files</Filter>
    </ClInclude>
    <ClInclude Include="..\itemaut.h">
      <Filter>Header Files</Filter>
    </ClInclude>
    <ClInclude Include="..\itemcoll.h">
      <Filter>Header Files</Filter>
    </ClInclude>
    <ClInclude Include="..\knownengines.h">
      <Filter>Header Files</Filter>
    </ClInclude>
    <ClInclude Include="..\panelaut.h">
      <Filter>Header Files</Filter>
    </ClInclude>
    <ClInclude Include="..\persistence.h">
      <Filter>Header Files</Filter>
    </ClInclude>
    <ClInclude Include="..\precomp.h">
      <Filter>Header Files</Filter>
    </ClInclude>
    <ClInclude Include="..\processlist.h">
      <Filter>Header Files</Filter>
    </ClInclude>
    <ClInclude Include="..\progressaut.h">
      <Filter>Header Files</Filter>
    </ClInclude>
    <ClInclude Include="..\raiserr.h">
      <Filter>Header Files</Filter>
    </ClInclude>
    <ClInclude Include="..\salamander.h">
      <Filter>Header Files</Filter>
    </ClInclude>
    <ClInclude Include="..\generated\salamander_h.h">
      <Filter>Header Files</Filter>
    </ClInclude>
    <ClInclude Include="..\salamanderaut.h">
      <Filter>Header Files</Filter>
    </ClInclude>
    <ClInclude Include="..\saltypelib.h">
      <Filter>Header Files</Filter>
    </ClInclude>
    <ClInclude Include="..\scriptinfoaut.h">
      <Filter>Header Files</Filter>
    </ClInclude>
    <ClInclude Include="..\shim.h">
      <Filter>Header Files</Filter>
    </ClInclude>
    <ClInclude Include="..\scriptlist.h">
      <Filter>Header Files</Filter>
    </ClInclude>
    <ClInclude Include="..\scriptsite.h">
      <Filter>Header Files</Filter>
    </ClInclude>
    <ClInclude Include="..\strconv.h">
      <Filter>Header Files</Filter>
    </ClInclude>
    <ClInclude Include="..\unkimpl.h">
      <Filter>Header Files</Filter>
    </ClInclude>
    <ClInclude Include="..\waitwndaut.h">
      <Filter>Header Files</Filter>
    </ClInclude>
  </ItemGroup>
  <ItemGroup>
    <None Include="..\automation.rh">
      <Filter>Header Files</Filter>
    </None>
    <None Include="..\automation.rh2">
      <Filter>Header Files</Filter>
    </None>
    <None Include="..\lang\lang.rh">
      <Filter>Header Files</Filter>
    </None>
    <None Include="..\versinfo.rh2">
      <Filter>Header Files</Filter>
    </None>
    <None Include="..\automation.rc2">
      <Filter>Resource Files</Filter>
    </None>
    <None Include="..\typelib.rc2">
      <Filter>Resource Files</Filter>
    </None>
    <None Include="..\version.rc2">
      <Filter>Resource Files</Filter>
    </None>
  </ItemGroup>
  <ItemGroup>
    <Image Include="..\res\automation.ico">
      <Filter>Resource Files</Filter>
    </Image>
    <Image Include="..\res\automation_strip.png">
      <Filter>Resource Files</Filter>
    </Image>
  </ItemGroup>
  <ItemGroup>
    <ResourceCompile Include="..\automation.rc">
      <Filter>Resource Files</Filter>
    </ResourceCompile>
  </ItemGroup>
</Project>