<?xml version="1.0" encoding="utf-8"?>
<Project ToolsVersion="4.0" xmlns="http://schemas.microsoft.com/developer/msbuild/2003">
  <ItemGroup>
    <Filter Include="common">
      <UniqueIdentifier>{9e5cfcef-1917-4724-bf06-2d63f1c8dff8}</UniqueIdentifier>
    </Filter>
    <Filter Include="source">
      <UniqueIdentifier>{85d1cc20-625e-43cb-8848-592697709c24}</UniqueIdentifier>
    </Filter>
  </ItemGroup>
  <ItemGroup>
    <ClCompile Include="..\..\common\allochan.cpp">
      <Filter>common</Filter>
    </ClCompile>
    <ClCompile Include="..\..\common\array.cpp">
      <Filter>common</Filter>
    </ClCompile>
    <ClCompile Include="..\..\common\handles.cpp">
      <Filter>common</Filter>
    </ClCompile>
    <ClCompile Include="..\..\common\heap.cpp">
      <Filter>common</Filter>
    </ClCompile>
    <ClCompile Include="..\..\common\lstrfix.cpp">
      <Filter>common</Filter>
    </ClCompile>
    <ClCompile Include="..\..\common\messages.cpp">
      <Filter>common</Filter>
    </ClCompile>
    <ClCompile Include="..\..\common\ms_init.cpp">
      <Filter>common</Filter>
    </ClCompile>
    <ClCompile Include="..\..\common\str.cpp">
      <Filter>common</Filter>
    </ClCompile>
    <ClCompile Include="..\..\common\trace.cpp">
      <Filter>common</Filter>
    </ClCompile>
    <ClCompile Include="..\..\common\winlib.cpp">
      <Filter>common</Filter>
    </ClCompile>
    <ClCompile Include="..\..\salmon\compress.cpp">
      <Filter>source</Filter>
    </ClCompile>
    <ClCompile Include="..\..\salmon\config.cpp">
      <Filter>source</Filter>
    </ClCompile>
    <ClCompile Include="..\..\salmon\dialogs.cpp">
      <Filter>source</Filter>
    </ClCompile>
    <ClCompile Include="..\..\salmon\minidump.cpp">
      <Filter>source</Filter>
    </ClCompile>
    <ClCompile Include="..\..\salmon\precomp.cpp">
      <Filter>source</Filter>
    </ClCompile>
    <ClCompile Include="..\..\salmon\salmon.cpp">
      <Filter>source</Filter>
    </ClCompile>
    <ClCompile Include="..\..\salmon\upload.cpp">
      <Filter>source</Filter>
    </ClCompile>
  </ItemGroup>
  <ItemGroup>
    <ClInclude Include="..\..\common\allochan.h">
      <Filter>common</Filter>
    </ClInclude>
    <ClInclude Include="..\..\common\array.h">
      <Filter>common</Filter>
    </ClInclude>
    <ClInclude Include="..\..\common\handles.h">
      <Filter>common</Filter>
    </ClInclude>
    <ClInclude Include="..\..\common\lstrfix.h">
      <Filter>common</Filter>
    </ClInclude>
    <ClInclude Include="..\..\common\messages.h">
      <Filter>common</Filter>
    </ClInclude>
    <ClInclude Include="..\..\common\str.h">
      <Filter>common</Filter>
    </ClInclude>
    <ClInclude Include="..\..\common\trace.h">
      <Filter>common</Filter>
    </ClInclude>
    <ClInclude Include="..\..\common\winlib.h">
      <Filter>common</Filter>
    </ClInclude>
    <ClInclude Include="..\..\salmon\compress.h">
      <Filter>source</Filter>
    </ClInclude>
    <ClInclude Include="..\..\salmon\config.h">
      <Filter>source</Filter>
    </ClInclude>
    <ClInclude Include="..\..\salmon\dialogs.h">
      <Filter>source</Filter>
    </ClInclude>
    <ClInclude Include="..\..\salmon\minidump.h">
      <Filter>source</Filter>
    </ClInclude>
    <ClInclude Include="..\..\salmon\precomp.h">
      <Filter>source</Filter>
    </ClInclude>
    <ClInclude Include="..\..\salmon\salmon.h">
      <Filter>source</Filter>
    </ClInclude>
    <ClInclude Include="..\..\salmoncl.h">
      <Filter>source</Filter>
    </ClInclude>
    <ClInclude Include="..\..\salmon\upload.h">
      <Filter>source</Filter>
    </ClInclude>
  </ItemGroup>
  <ItemGroup>
    <ResourceCompile Include="..\..\salmon\salmon.rc" />
  </ItemGroup>
</Project>