<?xml version="1.0" encoding="utf-8"?>
<Project ToolsVersion="4.0" xmlns="http://schemas.microsoft.com/developer/msbuild/2003">
  <ItemGroup>
    <Filter Include="CPP">
      <UniqueIdentifier>{b3347548-b0c3-4485-be14-f2d66d88c154}</UniqueIdentifier>
      <Extensions>cpp;c;cxx;rc;def;r;odl;idl;hpj;bat</Extensions>
    </Filter>
    <Filter Include="H">
      <UniqueIdentifier>{129d5f22-b758-4996-9463-ea21e66379eb}</UniqueIdentifier>
      <Extensions>h;hpp;hxx;hm;inl</Extensions>
    </Filter>
    <Filter Include="RC">
      <UniqueIdentifier>{fa92209f-d0e1-4638-b3c5-528377bab8fd}</UniqueIdentifier>
      <Extensions>ico;cur;bmp;dlg;rc2;rct;bin;rgs;gif;jpg;jpeg;jpe</Extensions>
    </Filter>
  </ItemGroup>
  <ItemGroup>
    <ClCompile Include="..\..\bits.cpp">
      <Filter>CPP</Filter>
    </ClCompile>
    <ClCompile Include="..\..\sfxmake\crc32.cpp">
      <Filter>CPP</Filter>
    </ClCompile>
    <ClCompile Include="..\..\deflate.cpp">
      <Filter>CPP</Filter>
    </ClCompile>
    <ClCompile Include="..\..\sfxmake\precomp.cpp">
      <Filter>CPP</Filter>
    </ClCompile>
    <ClCompile Include="..\..\..\shared\lukas\resedit.cpp">
      <Filter>CPP</Filter>
    </ClCompile>
    <ClCompile Include="..\..\sfxmake\sfxmake.cpp">
      <Filter>CPP</Filter>
    </ClCompile>
    <ClCompile Include="..\..\trees.cpp">
      <Filter>CPP</Filter>
    </ClCompile>
  </ItemGroup>
  <ItemGroup>
    <ClInclude Include="..\..\config.h">
      <Filter>H</Filter>
    </ClInclude>
    <ClInclude Include="..\..\sfxmake\crc32.h">
      <Filter>H</Filter>
    </ClInclude>
    <ClInclude Include="..\..\deflate.h">
      <Filter>H</Filter>
    </ClInclude>
    <ClInclude Include="..\..\sfxmake\precomp.h">
      <Filter>H</Filter>
    </ClInclude>
    <ClInclude Include="..\..\..\shared\lukas\resedit.h">
      <Filter>H</Filter>
    </ClInclude>
    <ClInclude Include="..\..\sfxmake\sfxmake.h">
      <Filter>H</Filter>
    </ClInclude>
  </ItemGroup>
  <ItemGroup>
    <ResourceCompile Include="..\..\sfxmake\sfxmake.rc">
      <Filter>RC</Filter>
    </ResourceCompile>
  </ItemGroup>
</Project>