<?xml version="1.0" encoding="utf-8"?>
<Project ToolsVersion="4.0" xmlns="http://schemas.microsoft.com/developer/msbuild/2003">
  <ItemGroup>
    <Filter Include="cpp">
      <UniqueIdentifier>{7ec3b1ea-c9ff-4c6d-a33d-01d4cc9259e3}</UniqueIdentifier>
    </Filter>
    <Filter Include="h">
      <UniqueIdentifier>{b358cda3-ea28-4487-886c-6e8d3e40ba6d}</UniqueIdentifier>
    </Filter>
    <Filter Include="rc">
      <UniqueIdentifier>{70c292f6-5208-42dd-8264-933d8a862f5b}</UniqueIdentifier>
    </Filter>
    <Filter Include="shared">
      <UniqueIdentifier>{199e8645-6a17-4b65-a388-f9700eb782af}</UniqueIdentifier>
    </Filter>
  </ItemGroup>
  <ItemGroup>
    <ClCompile Include="..\demomenu.cpp">
      <Filter>cpp</Filter>
    </ClCompile>
    <ClCompile Include="..\menu.cpp">
      <Filter>cpp</Filter>
    </ClCompile>
    <ClCompile Include="..\precomp.cpp">
      <Filter>cpp</Filter>
    </ClCompile>
    <ClCompile Include="..\..\shared\auxtools.cpp">
      <Filter>shared</Filter>
    </ClCompile>
    <ClCompile Include="..\..\shared\dbg.cpp">
      <Filter>shared</Filter>
    </ClCompile>
    <ClCompile Include="..\..\shared\mhandles.cpp">
      <Filter>shared</Filter>
    </ClCompile>
  </ItemGroup>
  <ItemGroup>
    <ClInclude Include="..\demomenu.h">
      <Filter>h</Filter>
    </ClInclude>
    <ClInclude Include="..\precomp.h">
      <Filter>h</Filter>
    </ClInclude>
    <ClInclude Include="..\..\shared\auxtools.h">
      <Filter>shared</Filter>
    </ClInclude>
    <ClInclude Include="..\..\shared\dbg.h">
      <Filter>shared</Filter>
    </ClInclude>
    <ClInclude Include="..\..\shared\mhandles.h">
      <Filter>shared</Filter>
    </ClInclude>
    <ClInclude Include="..\..\shared\spl_base.h">
      <Filter>shared</Filter>
    </ClInclude>
    <ClInclude Include="..\..\shared\spl_com.h">
      <Filter>shared</Filter>
    </ClInclude>
    <ClInclude Include="..\..\shared\spl_gen.h">
      <Filter>shared</Filter>
    </ClInclude>
    <ClInclude Include="..\..\shared\spl_gui.h">
      <Filter>shared</Filter>
    </ClInclude>
    <ClInclude Include="..\..\shared\spl_menu.h">
      <Filter>shared</Filter>
    </ClInclude>
    <ClInclude Include="..\..\shared\spl_thum.h">
      <Filter>shared</Filter>
    </ClInclude>
    <ClInclude Include="..\..\shared\spl_vers.h">
      <Filter>shared</Filter>
    </ClInclude>
  </ItemGroup>
  <ItemGroup>
    <None Include="..\demomenu.def">
      <Filter>rc</Filter>
    </None>
    <None Include="..\demomenu.rc2">
      <Filter>rc</Filter>
    </None>
    <None Include="..\demomenu.rh">
      <Filter>rc</Filter>
    </None>
    <None Include="..\demomenu.rh2">
      <Filter>rc</Filter>
    </None>
    <None Include="..\lang\lang.rh">
      <Filter>rc</Filter>
    </None>
    <None Include="..\versinfo.rh2">
      <Filter>rc</Filter>
    </None>
  </ItemGroup>
  <ItemGroup>
    <ResourceCompile Include="..\demomenu.rc">
      <Filter>rc</Filter>
    </ResourceCompile>
  </ItemGroup>
</Project>