<?xml version="1.0" encoding="utf-8"?>
<Project ToolsVersion="4.0" xmlns="http://schemas.microsoft.com/developer/msbuild/2003">
  <ItemGroup>
    <Filter Include="cpp">
      <UniqueIdentifier>{be038a2e-808a-4745-87dd-8a23a4c2075c}</UniqueIdentifier>
    </Filter>
    <Filter Include="h">
      <UniqueIdentifier>{369260dc-f701-4996-aed2-e0349558e774}</UniqueIdentifier>
    </Filter>
    <Filter Include="rc">
      <UniqueIdentifier>{f424f2e4-f381-46dd-9860-bfcce410e37f}</UniqueIdentifier>
    </Filter>
    <Filter Include="shared">
      <UniqueIdentifier>{27117374-58b7-4b6c-b3f6-c5a862426e92}</UniqueIdentifier>
    </Filter>
  </ItemGroup>
  <ItemGroup>
    <ClCompile Include="..\archiver.cpp">
      <Filter>cpp</Filter>
    </ClCompile>
    <ClCompile Include="..\demoplug.cpp">
      <Filter>cpp</Filter>
    </ClCompile>
    <ClCompile Include="..\dialogs.cpp">
      <Filter>cpp</Filter>
    </ClCompile>
    <ClCompile Include="..\fs1.cpp">
      <Filter>cpp</Filter>
    </ClCompile>
    <ClCompile Include="..\fs2.cpp">
      <Filter>cpp</Filter>
    </ClCompile>
    <ClCompile Include="..\menu.cpp">
      <Filter>cpp</Filter>
    </ClCompile>
    <ClCompile Include="..\precomp.cpp">
      <Filter>cpp</Filter>
    </ClCompile>
    <ClCompile Include="..\thumbldr.cpp">
      <Filter>cpp</Filter>
    </ClCompile>
    <ClCompile Include="..\viewer.cpp">
      <Filter>cpp</Filter>
    </ClCompile>
    <ClCompile Include="..\..\shared\auxtools.cpp">
      <Filter>shared</Filter>
    </ClCompile>
    <ClCompile Include="..\..\shared\dbg.cpp">
      <Filter>shared</Filter>
    </ClCompile>
    <ClCompile Include="..\..\shared\mhandles.cpp">
      <Filter>shared</Filter>
    </ClCompile>
    <ClCompile Include="..\..\shared\winliblt.cpp">
      <Filter>shared</Filter>
    </ClCompile>
  </ItemGroup>
  <ItemGroup>
    <ClInclude Include="..\demoplug.h">
      <Filter>h</Filter>
    </ClInclude>
    <ClInclude Include="..\dialogs.h">
      <Filter>h</Filter>
    </ClInclude>
    <ClInclude Include="..\precomp.h">
      <Filter>h</Filter>
    </ClInclude>
    <ClInclude Include="..\..\shared\arraylt.h">
      <Filter>shared</Filter>
    </ClInclude>
    <ClInclude Include="..\..\shared\auxtools.h">
      <Filter>shared</Filter>
    </ClInclude>
    <ClInclude Include="..\..\shared\dbg.h">
      <Filter>shared</Filter>
    </ClInclude>
    <ClInclude Include="..\..\shared\mhandles.h">
      <Filter>shared</Filter>
    </ClInclude>
    <ClInclude Include="..\..\shared\spl_arc.h">
      <Filter>shared</Filter>
    </ClInclude>
    <ClInclude Include="..\..\shared\spl_base.h">
      <Filter>shared</Filter>
    </ClInclude>
    <ClInclude Include="..\..\shared\spl_com.h">
      <Filter>shared</Filter>
    </ClInclude>
    <ClInclude Include="..\..\shared\spl_fs.h">
      <Filter>shared</Filter>
    </ClInclude>
    <ClInclude Include="..\..\shared\spl_gen.h">
      <Filter>shared</Filter>
    </ClInclude>
    <ClInclude Include="..\..\shared\spl_gui.h">
      <Filter>shared</Filter>
    </ClInclude>
    <ClInclude Include="..\..\shared\spl_menu.h">
      <Filter>shared</Filter>
    </ClInclude>
    <ClInclude Include="..\..\shared\spl_thum.h">
      <Filter>shared</Filter>
    </ClInclude>
    <ClInclude Include="..\..\shared\spl_vers.h">
      <Filter>shared</Filter>
    </ClInclude>
    <ClInclude Include="..\..\shared\spl_view.h">
      <Filter>shared</Filter>
    </ClInclude>
    <ClInclude Include="..\..\shared\winliblt.h">
      <Filter>shared</Filter>
    </ClInclude>
  </ItemGroup>
  <ItemGroup>
    <None Include="..\demoplug.def">
      <Filter>rc</Filter>
    </None>
    <None Include="..\demoplug.rc2">
      <Filter>rc</Filter>
    </None>
    <None Include="..\demoplug.rh">
      <Filter>rc</Filter>
    </None>
    <None Include="..\demoplug.rh2">
      <Filter>rc</Filter>
    </None>
    <None Include="..\lang\lang.rh">
      <Filter>rc</Filter>
    </None>
    <None Include="..\versinfo.rh2">
      <Filter>rc</Filter>
    </None>
  </ItemGroup>
  <ItemGroup>
    <ResourceCompile Include="..\demoplug.rc">
      <Filter>rc</Filter>
    </ResourceCompile>
  </ItemGroup>
</Project>