
Microsoft Visual Studio Solution File, Format Version 12.00
# Visual Studio Version 16
VisualStudioVersion = 16.0.29020.237
MinimumVisualStudioVersion = 10.0.40219.1
Project("{8BC9CEB8-8B4A-11D0-8D11-00A0C91BC942}") = "demoplug", "demoplug.vcxproj", "{C355231B-65C2-4826-B419-37518E187F78}"
EndProject
Project("{8BC9CEB8-8B4A-11D0-8D11-00A0C91BC942}") = "lang_demoplug", "lang_demoplug.vcxproj", "{3742BD58-B25B-46A6-9834-60FE8819E3D6}"
EndProject
Project("{2150E333-8FDC-42A3-9474-1A3956D46DE8}") = "Solution Items", "Solution Items", "{183575E5-BF8D-4C08-BE54-518C69A02BB4}"
	ProjectSection(SolutionItems) = preProject
		..\..\..\.editorconfig = ..\..\..\.editorconfig
	EndProjectSection
EndProject
Global
	GlobalSection(SolutionConfigurationPlatforms) = preSolution
		Debug|x64 = Debug|x64
		Debug|x86 = Debug|x86
		Release|x64 = Release|x64
		Release|x86 = Release|x86
		SDK|x64 = SDK|x64
		SDK|x86 = SDK|x86
	EndGlobalSection
	GlobalSection(ProjectConfigurationPlatforms) = postSolution
		{C355231B-65C2-4826-B419-37518E187F78}.Debug|x64.ActiveCfg = Debug|x64
		{C355231B-65C2-4826-B419-37518E187F78}.Debug|x64.Build.0 = Debug|x64
		{C355231B-65C2-4826-B419-37518E187F78}.Debug|x86.ActiveCfg = Debug|Win32
		{C355231B-65C2-4826-B419-37518E187F78}.Debug|x86.Build.0 = Debug|Win32
		{C355231B-65C2-4826-B419-37518E187F78}.Release|x64.ActiveCfg = Release|x64
		{C355231B-65C2-4826-B419-37518E187F78}.Release|x64.Build.0 = Release|x64
		{C355231B-65C2-4826-B419-37518E187F78}.Release|x86.ActiveCfg = Release|Win32
		{C355231B-65C2-4826-B419-37518E187F78}.Release|x86.Build.0 = Release|Win32
		{C355231B-65C2-4826-B419-37518E187F78}.SDK|x64.ActiveCfg = SDK|x64
		{C355231B-65C2-4826-B419-37518E187F78}.SDK|x64.Build.0 = SDK|x64
		{C355231B-65C2-4826-B419-37518E187F78}.SDK|x86.ActiveCfg = SDK|Win32
		{C355231B-65C2-4826-B419-37518E187F78}.SDK|x86.Build.0 = SDK|Win32
		{3742BD58-B25B-46A6-9834-60FE8819E3D6}.Debug|x64.ActiveCfg = Debug|x64
		{3742BD58-B25B-46A6-9834-60FE8819E3D6}.Debug|x64.Build.0 = Debug|x64
		{3742BD58-B25B-46A6-9834-60FE8819E3D6}.Debug|x86.ActiveCfg = Debug|Win32
		{3742BD58-B25B-46A6-9834-60FE8819E3D6}.Debug|x86.Build.0 = Debug|Win32
		{3742BD58-B25B-46A6-9834-60FE8819E3D6}.Release|x64.ActiveCfg = Release|x64
		{3742BD58-B25B-46A6-9834-60FE8819E3D6}.Release|x64.Build.0 = Release|x64
		{3742BD58-B25B-46A6-9834-60FE8819E3D6}.Release|x86.ActiveCfg = Release|Win32
		{3742BD58-B25B-46A6-9834-60FE8819E3D6}.Release|x86.Build.0 = Release|Win32
		{3742BD58-B25B-46A6-9834-60FE8819E3D6}.SDK|x64.ActiveCfg = SDK|x64
		{3742BD58-B25B-46A6-9834-60FE8819E3D6}.SDK|x64.Build.0 = SDK|x64
		{3742BD58-B25B-46A6-9834-60FE8819E3D6}.SDK|x86.ActiveCfg = SDK|Win32
		{3742BD58-B25B-46A6-9834-60FE8819E3D6}.SDK|x86.Build.0 = SDK|Win32
	EndGlobalSection
	GlobalSection(SolutionProperties) = preSolution
		HideSolutionNode = FALSE
	EndGlobalSection
	GlobalSection(ExtensibilityGlobals) = postSolution
		SolutionGuid = {7474DD28-0A59-409E-8305-8C6CE7D42E2C}
	EndGlobalSection
EndGlobal
