<?xml version="1.0" encoding="utf-8"?>
<Project ToolsVersion="4.0" xmlns="http://schemas.microsoft.com/developer/msbuild/2003">
  <ItemGroup>
    <Filter Include="Source Files">
      <UniqueIdentifier>{a5f28ac7-1781-48dc-94ab-b10ca3c32620}</UniqueIdentifier>
      <Extensions>cpp;c;cxx;rc;def;r;odl;idl;hpj;bat</Extensions>
    </Filter>
    <Filter Include="Resource Files">
      <UniqueIdentifier>{2e41fee9-302b-48a5-a742-4fdad5620e3f}</UniqueIdentifier>
      <Extensions>ico;cur;bmp;dlg;rc2;rct;bin;rgs;gif;jpg;jpeg;jpe</Extensions>
    </Filter>
  </ItemGroup>
  <ItemGroup>
    <ClCompile Include="..\..\common\lstrfix.c">
      <Filter>Source Files</Filter>
    </ClCompile>
    <ClCompile Include="..\..\setup\remove\ctxmenu.c">
      <Filter>Source Files</Filter>
    </ClCompile>
    <ClCompile Include="..\..\setup\remove\precomp.c">
      <Filter>Source Files</Filter>
    </ClCompile>
    <ClCompile Include="..\..\setup\remove\process.c">
      <Filter>Source Files</Filter>
    </ClCompile>
    <ClCompile Include="..\..\setup\remove\remove.c">
      <Filter>Source Files</Filter>
    </ClCompile>
    <ClCompile Include="..\..\setup\remove\utils.c">
      <Filter>Source Files</Filter>
    </ClCompile>
  </ItemGroup>
  <ItemGroup>
    <ClInclude Include="..\..\common\lstrfix.h" />
    <ClInclude Include="..\..\setup\remove\ctxmenu.h" />
    <ClInclude Include="..\..\setup\remove\language.h" />
    <ClInclude Include="..\..\setup\remove\precomp.h" />
    <ClInclude Include="..\..\setup\remove\process.h" />
    <ClInclude Include="..\..\setup\remove\resource.h" />
    <ClInclude Include="..\..\setup\remove\utils.h" />
  </ItemGroup>
  <ItemGroup>
    <Image Include="..\..\setup\remove\icon1.ico">
      <Filter>Resource Files</Filter>
    </Image>
  </ItemGroup>
  <ItemGroup>
    <ResourceCompile Include="..\..\setup\remove\remove.rc">
      <Filter>Source Files</Filter>
    </ResourceCompile>
  </ItemGroup>
</Project>