<?xml version="1.0" encoding="utf-8"?>
<Project ToolsVersion="4.0" xmlns="http://schemas.microsoft.com/developer/msbuild/2003">
  <ItemGroup>
    <Filter Include="Source Files">
      <UniqueIdentifier>{afc2cf40-0fd8-4a6b-8371-6c942c958d50}</UniqueIdentifier>
      <Extensions>cpp;c;cxx;rc;def;r;odl;idl;hpj;bat</Extensions>
    </Filter>
    <Filter Include="Header Files">
      <UniqueIdentifier>{500fc5a9-3794-4003-8635-b465e884f175}</UniqueIdentifier>
      <Extensions>h;hpp;hxx;hm;inl</Extensions>
    </Filter>
    <Filter Include="Resource Files">
      <UniqueIdentifier>{8761b1db-66c1-47ad-b679-beea5521fb9a}</UniqueIdentifier>
      <Extensions>ico;cur;bmp;dlg;rc2;rct;bin;rgs;gif;jpg;jpeg;jpe</Extensions>
    </Filter>
    <Filter Include="Remove">
      <UniqueIdentifier>{b073f170-f89b-407d-8c27-2dc08f2c3bbe}</UniqueIdentifier>
    </Filter>
  </ItemGroup>
  <ItemGroup>
    <ClCompile Include="..\..\common\lstrfix.c">
      <Filter>Source Files</Filter>
    </ClCompile>
    <ClCompile Include="..\..\setup\doinst.c">
      <Filter>Source Files</Filter>
    </ClCompile>
    <ClCompile Include="..\..\setup\infinst.c">
      <Filter>Source Files</Filter>
    </ClCompile>
    <ClCompile Include="..\..\setup\instwiz.c">
      <Filter>Source Files</Filter>
    </ClCompile>
    <ClCompile Include="..\..\setup\precomp.c">
      <Filter>Source Files</Filter>
    </ClCompile>
    <ClCompile Include="..\..\setup\remove\ctxmenu.c">
      <Filter>Source Files</Filter>
    </ClCompile>
    <ClCompile Include="..\..\setup\remove\process.c">
      <Filter>Source Files</Filter>
    </ClCompile>
    <ClCompile Include="..\..\setup\remove\remove.c">
      <Filter>Source Files</Filter>
    </ClCompile>
    <ClCompile Include="..\..\setup\remove\utils.c">
      <Filter>Source Files</Filter>
    </ClCompile>
  </ItemGroup>
  <ItemGroup>
    <ClInclude Include="..\..\common\lstrfix.h">
      <Filter>Header Files</Filter>
    </ClInclude>
    <ClInclude Include="..\..\setup\infinst.h">
      <Filter>Header Files</Filter>
    </ClInclude>
    <ClInclude Include="..\..\setup\language.h">
      <Filter>Header Files</Filter>
    </ClInclude>
    <ClInclude Include="..\..\setup\precomp.h">
      <Filter>Header Files</Filter>
    </ClInclude>
    <ClInclude Include="..\..\setup\remove\ctxmenu.h">
      <Filter>Header Files</Filter>
    </ClInclude>
    <ClInclude Include="..\..\setup\remove\process.h">
      <Filter>Header Files</Filter>
    </ClInclude>
    <ClInclude Include="..\..\setup\remove\utils.h">
      <Filter>Header Files</Filter>
    </ClInclude>
    <ClInclude Include="..\..\setup\resource.h">
      <Filter>Header Files</Filter>
    </ClInclude>
  </ItemGroup>
  <ItemGroup>
    <None Include="..\..\setup\res\hand.cur">
      <Filter>Resource Files</Filter>
    </None>
    <None Include="..\..\setup\setup.rh" />
  </ItemGroup>
  <ItemGroup>
    <Image Include="..\..\setup\res\icon.bmp">
      <Filter>Resource Files</Filter>
    </Image>
    <Image Include="..\..\setup\res\setup.ico">
      <Filter>Resource Files</Filter>
    </Image>
    <Image Include="..\..\setup\res\welcome.bmp">
      <Filter>Resource Files</Filter>
    </Image>
  </ItemGroup>
  <ItemGroup>
    <ResourceCompile Include="..\..\setup\setup.rc">
      <Filter>Source Files</Filter>
    </ResourceCompile>
  </ItemGroup>
</Project>