<?xml version="1.0" encoding="utf-8"?>
<Project ToolsVersion="4.0" xmlns="http://schemas.microsoft.com/developer/msbuild/2003">
  <ItemGroup>
    <Filter Include="cpp">
      <UniqueIdentifier>{cd874c10-6966-4b76-81cd-e5f141e14d7b}</UniqueIdentifier>
    </Filter>
    <Filter Include="h">
      <UniqueIdentifier>{f5274daf-01a9-4158-8710-15d457e1f593}</UniqueIdentifier>
    </Filter>
  </ItemGroup>
  <ItemGroup>
    <ClCompile Include="..\cfg.cpp">
      <Filter>cpp</Filter>
    </ClCompile>
    <ClCompile Include="..\cfgdlg.cpp">
      <Filter>cpp</Filter>
    </ClCompile>
    <ClCompile Include="..\..\shared\dbg.cpp">
      <Filter>cpp</Filter>
    </ClCompile>
    <ClCompile Include="..\dump_res.cpp">
      <Filter>cpp</Filter>
    </ClCompile>
    <ClCompile Include="..\pefile.cpp">
      <Filter>cpp</Filter>
    </ClCompile>
    <ClCompile Include="..\peviewer.cpp">
      <Filter>cpp</Filter>
    </ClCompile>
    <ClCompile Include="..\precomp.cpp">
      <Filter>cpp</Filter>
    </ClCompile>
    <ClCompile Include="..\..\shared\winliblt.cpp">
      <Filter>cpp</Filter>
    </ClCompile>
  </ItemGroup>
  <ItemGroup>
    <ClInclude Include="..\cfg.h">
      <Filter>h</Filter>
    </ClInclude>
    <ClInclude Include="..\cfgdlg.h">
      <Filter>h</Filter>
    </ClInclude>
    <ClInclude Include="..\..\shared\dbg.h">
      <Filter>h</Filter>
    </ClInclude>
    <ClInclude Include="..\dump_res.h">
      <Filter>h</Filter>
    </ClInclude>
    <ClInclude Include="..\pefile.h">
      <Filter>h</Filter>
    </ClInclude>
    <ClInclude Include="..\peviewer.h">
      <Filter>h</Filter>
    </ClInclude>
    <ClInclude Include="..\precomp.h">
      <Filter>h</Filter>
    </ClInclude>
    <ClInclude Include="..\..\shared\spl_arc.h">
      <Filter>h</Filter>
    </ClInclude>
    <ClInclude Include="..\..\shared\spl_base.h">
      <Filter>h</Filter>
    </ClInclude>
    <ClInclude Include="..\..\shared\spl_com.h">
      <Filter>h</Filter>
    </ClInclude>
    <ClInclude Include="..\..\shared\spl_fs.h">
      <Filter>h</Filter>
    </ClInclude>
    <ClInclude Include="..\..\shared\spl_gen.h">
      <Filter>h</Filter>
    </ClInclude>
    <ClInclude Include="..\..\shared\spl_menu.h">
      <Filter>h</Filter>
    </ClInclude>
    <ClInclude Include="..\..\shared\spl_vers.h">
      <Filter>h</Filter>
    </ClInclude>
    <ClInclude Include="..\..\shared\spl_view.h">
      <Filter>h</Filter>
    </ClInclude>
  </ItemGroup>
  <ItemGroup>
    <None Include="..\lang\lang.rh" />
    <None Include="..\peviewer.def" />
    <None Include="..\peviewer.rc2" />
    <None Include="..\peviewer.rh" />
    <None Include="..\peviewer.rh2" />
    <None Include="..\versinfo.rh2" />
  </ItemGroup>
  <ItemGroup>
    <ResourceCompile Include="..\peviewer.rc" />
  </ItemGroup>
</Project>