
Microsoft Visual Studio Solution File, Format Version 12.00
# Visual Studio Version 16
VisualStudioVersion = 16.0.29009.5
MinimumVisualStudioVersion = 10.0.40219.1
Project("{8BC9CEB8-8B4A-11D0-8D11-00A0C91BC942}") = "sfx7zip", "sfx7zip.vcxproj", "{997B557B-4FB5-49FF-85AC-1FE66B9EBCFF}"
EndProject
Project("{2150E333-8FDC-42A3-9474-1A3956D46DE8}") = "Solution Items", "Solution Items", "{8C048BDC-2F6E-4C5F-B50E-CD8DF05B73CE}"
	ProjectSection(SolutionItems) = preProject
		..\.editorconfig = ..\.editorconfig
	EndProjectSection
EndProject
Global
	GlobalSection(SolutionConfigurationPlatforms) = preSolution
		Debug|Win32 = Debug|Win32
		Release|Win32 = Release|Win32
	EndGlobalSection
	GlobalSection(ProjectConfigurationPlatforms) = postSolution
		{997B557B-4FB5-49FF-85AC-1FE66B9EBCFF}.Debug|Win32.ActiveCfg = Debug|Win32
		{997B557B-4FB5-49FF-85AC-1FE66B9EBCFF}.Debug|Win32.Build.0 = Debug|Win32
		{997B557B-4FB5-49FF-85AC-1FE66B9EBCFF}.Release|Win32.ActiveCfg = Release|Win32
		{997B557B-4FB5-49FF-85AC-1FE66B9EBCFF}.Release|Win32.Build.0 = Release|Win32
	EndGlobalSection
	GlobalSection(SolutionProperties) = preSolution
		HideSolutionNode = FALSE
	EndGlobalSection
	GlobalSection(ExtensibilityGlobals) = postSolution
		SolutionGuid = {5BFEDEF6-80AA-4FB4-B96B-3B265FAA4732}
	EndGlobalSection
EndGlobal
