<?xml version="1.0" encoding="utf-8"?>
<Project ToolsVersion="4.0" xmlns="http://schemas.microsoft.com/developer/msbuild/2003">
  <ItemGroup>
    <Filter Include="Source Files">
      <UniqueIdentifier>{08b224e3-a175-4475-b2fe-7482dc1566a2}</UniqueIdentifier>
      <Extensions>cpp;c;cxx;rc;def;r;odl;idl;hpj;bat</Extensions>
    </Filter>
    <Filter Include="Header Files">
      <UniqueIdentifier>{ad01fa3a-b6c9-43fd-a000-7e7d396ccd2e}</UniqueIdentifier>
      <Extensions>h;hpp;hxx;hm;inl</Extensions>
    </Filter>
    <Filter Include="Resource Files">
      <UniqueIdentifier>{488095a0-17d0-4eab-a535-e72ac4cf655a}</UniqueIdentifier>
      <Extensions>ico;cur;bmp;dlg;rc2;rct;bin;rgs;gif;jpg;jpeg;jpe</Extensions>
    </Filter>
    <Filter Include="Common Files">
      <UniqueIdentifier>{93de8632-0f7c-4845-8ebd-71194c3708e3}</UniqueIdentifier>
    </Filter>
  </ItemGroup>
  <ItemGroup>
    <ClCompile Include="..\config.cpp">
      <Filter>Source Files</Filter>
    </ClCompile>
    <ClCompile Include="..\dialogs.cpp">
      <Filter>Source Files</Filter>
    </ClCompile>
    <ClCompile Include="..\ms_init.cpp">
      <Filter>Source Files</Filter>
    </ClCompile>
    <ClCompile Include="..\openedit.cpp">
      <Filter>Source Files</Filter>
    </ClCompile>
    <ClCompile Include="..\registry.cpp">
      <Filter>Source Files</Filter>
    </ClCompile>
    <ClCompile Include="..\tablist.cpp">
      <Filter>Source Files</Filter>
    </ClCompile>
    <ClCompile Include="..\tserver.cpp">
      <Filter>Source Files</Filter>
    </ClCompile>
    <ClCompile Include="..\window.cpp">
      <Filter>Source Files</Filter>
    </ClCompile>
    <ClCompile Include="..\common\array.cpp">
      <Filter>Common Files</Filter>
    </ClCompile>
    <ClCompile Include="..\common\dib.cpp">
      <Filter>Common Files</Filter>
    </ClCompile>
    <ClCompile Include="..\common\handles.cpp">
      <Filter>Common Files</Filter>
    </ClCompile>
    <ClCompile Include="..\common\lstrfix.cpp">
      <Filter>Common Files</Filter>
    </ClCompile>
    <ClCompile Include="..\common\messages.cpp">
      <Filter>Common Files</Filter>
    </ClCompile>
    <ClCompile Include="..\common\trace.cpp">
      <Filter>Common Files</Filter>
    </ClCompile>
    <ClCompile Include="..\common\winlib.cpp">
      <Filter>Common Files</Filter>
    </ClCompile>
    <ClCompile Include="..\precomp.cpp">
      <Filter>Source Files</Filter>
    </ClCompile>
    <ClCompile Include="..\common\allochan.cpp">
      <Filter>Common Files</Filter>
    </ClCompile>
    <ClCompile Include="..\common\strutils.cpp">
      <Filter>Common Files</Filter>
    </ClCompile>
    <ClCompile Include="..\common\heap.cpp">
      <Filter>Common Files</Filter>
    </ClCompile>
    <ClCompile Include="..\common\sheets.cpp">
      <Filter>Common Files</Filter>
    </ClCompile>
    <ClCompile Include="..\common\multimon.cpp">
      <Filter>Common Files</Filter>
    </ClCompile>
  </ItemGroup>
  <ItemGroup>
    <ClInclude Include="..\config.h">
      <Filter>Header Files</Filter>
    </ClInclude>
    <ClInclude Include="..\dialog.h">
      <Filter>Header Files</Filter>
    </ClInclude>
    <ClInclude Include="..\openedit.h">
      <Filter>Header Files</Filter>
    </ClInclude>
    <ClInclude Include="..\registry.h">
      <Filter>Header Files</Filter>
    </ClInclude>
    <ClInclude Include="..\tablist.h">
      <Filter>Header Files</Filter>
    </ClInclude>
    <ClInclude Include="..\tserver.h">
      <Filter>Header Files</Filter>
    </ClInclude>
    <ClInclude Include="..\common\array.h">
      <Filter>Common Files</Filter>
    </ClInclude>
    <ClInclude Include="..\common\dib.h">
      <Filter>Common Files</Filter>
    </ClInclude>
    <ClInclude Include="..\common\handles.h">
      <Filter>Common Files</Filter>
    </ClInclude>
    <ClInclude Include="..\common\lstrfix.h">
      <Filter>Common Files</Filter>
    </ClInclude>
    <ClInclude Include="..\common\messages.h">
      <Filter>Common Files</Filter>
    </ClInclude>
    <ClInclude Include="..\common\trace.h">
      <Filter>Common Files</Filter>
    </ClInclude>
    <ClInclude Include="..\common\winlib.h">
      <Filter>Common Files</Filter>
    </ClInclude>
    <ClInclude Include="..\precomp.h">
      <Filter>Header Files</Filter>
    </ClInclude>
    <ClInclude Include="..\common\allochan.h">
      <Filter>Common Files</Filter>
    </ClInclude>
    <ClInclude Include="..\common\strutils.h">
      <Filter>Common Files</Filter>
    </ClInclude>
    <ClInclude Include="..\common\heap.h">
      <Filter>Common Files</Filter>
    </ClInclude>
    <ClInclude Include="..\common\sheets.h">
      <Filter>Header Files</Filter>
    </ClInclude>
    <ClInclude Include="..\common\multimon.h">
      <Filter>Common Files</Filter>
    </ClInclude>
  </ItemGroup>
  <ItemGroup>
    <ResourceCompile Include="..\tserver.rc">
      <Filter>Resource Files</Filter>
    </ResourceCompile>
  </ItemGroup>
  <ItemGroup>
    <None Include="..\tserver.rc2">
      <Filter>Resource Files</Filter>
    </None>
    <None Include="..\tserver.rh">
      <Filter>Resource Files</Filter>
    </None>
    <None Include="..\tserver.rh2">
      <Filter>Resource Files</Filter>
    </None>
  </ItemGroup>
</Project>