<?xml version="1.0" encoding="utf-8"?>
<Project ToolsVersion="4.0" xmlns="http://schemas.microsoft.com/developer/msbuild/2003">
  <ItemGroup>
    <Filter Include="cpp">
      <UniqueIdentifier>{01fc27ec-68ec-4701-8a3d-98af675489f5}</UniqueIdentifier>
    </Filter>
    <Filter Include="h">
      <UniqueIdentifier>{80ded497-7f04-4da9-9cfb-ad8e9cc89962}</UniqueIdentifier>
    </Filter>
    <Filter Include="rc">
      <UniqueIdentifier>{bd43ac7f-f544-4119-89c0-ac5614c0a0c1}</UniqueIdentifier>
    </Filter>
    <Filter Include="shared">
      <UniqueIdentifier>{7404fd68-78ac-4e53-af87-d91b1a3a4792}</UniqueIdentifier>
    </Filter>
  </ItemGroup>
  <ItemGroup>
    <ClCompile Include="..\fat.cpp">
      <Filter>cpp</Filter>
    </ClCompile>
    <ClCompile Include="..\precomp.cpp">
      <Filter>cpp</Filter>
    </ClCompile>
    <ClCompile Include="..\unfat.cpp">
      <Filter>cpp</Filter>
    </ClCompile>
    <ClCompile Include="..\..\shared\auxtools.cpp">
      <Filter>shared</Filter>
    </ClCompile>
    <ClCompile Include="..\..\shared\dbg.cpp">
      <Filter>shared</Filter>
    </ClCompile>
    <ClCompile Include="..\..\shared\mhandles.cpp">
      <Filter>shared</Filter>
    </ClCompile>
    <ClCompile Include="..\..\shared\winliblt.cpp">
      <Filter>shared</Filter>
    </ClCompile>
  </ItemGroup>
  <ItemGroup>
    <ClInclude Include="..\fat.h">
      <Filter>h</Filter>
    </ClInclude>
    <ClInclude Include="..\precomp.h">
      <Filter>h</Filter>
    </ClInclude>
    <ClInclude Include="..\unfat.h">
      <Filter>h</Filter>
    </ClInclude>
    <ClInclude Include="..\..\shared\arraylt.h">
      <Filter>shared</Filter>
    </ClInclude>
    <ClInclude Include="..\..\shared\auxtools.h">
      <Filter>shared</Filter>
    </ClInclude>
    <ClInclude Include="..\..\shared\dbg.h">
      <Filter>shared</Filter>
    </ClInclude>
    <ClInclude Include="..\..\shared\mhandles.h">
      <Filter>shared</Filter>
    </ClInclude>
    <ClInclude Include="..\..\shared\spl_arc.h">
      <Filter>shared</Filter>
    </ClInclude>
    <ClInclude Include="..\..\shared\spl_base.h">
      <Filter>shared</Filter>
    </ClInclude>
    <ClInclude Include="..\..\shared\spl_com.h">
      <Filter>shared</Filter>
    </ClInclude>
    <ClInclude Include="..\..\shared\spl_file.h">
      <Filter>shared</Filter>
    </ClInclude>
    <ClInclude Include="..\..\shared\spl_fs.h">
      <Filter>shared</Filter>
    </ClInclude>
    <ClInclude Include="..\..\shared\spl_gen.h">
      <Filter>shared</Filter>
    </ClInclude>
    <ClInclude Include="..\..\shared\spl_gui.h">
      <Filter>shared</Filter>
    </ClInclude>
    <ClInclude Include="..\..\shared\spl_menu.h">
      <Filter>shared</Filter>
    </ClInclude>
    <ClInclude Include="..\..\shared\spl_thum.h">
      <Filter>shared</Filter>
    </ClInclude>
    <ClInclude Include="..\..\shared\spl_vers.h">
      <Filter>shared</Filter>
    </ClInclude>
    <ClInclude Include="..\..\shared\spl_view.h">
      <Filter>shared</Filter>
    </ClInclude>
    <ClInclude Include="..\..\shared\winliblt.h">
      <Filter>shared</Filter>
    </ClInclude>
  </ItemGroup>
  <ItemGroup>
    <None Include="..\lang\lang.rh">
      <Filter>rc</Filter>
    </None>
    <None Include="..\unfat.def">
      <Filter>rc</Filter>
    </None>
    <None Include="..\unfat.rc2">
      <Filter>rc</Filter>
    </None>
    <None Include="..\unfat.rh">
      <Filter>rc</Filter>
    </None>
    <None Include="..\unfat.rh2">
      <Filter>rc</Filter>
    </None>
    <None Include="..\versinfo.rh2">
      <Filter>rc</Filter>
    </None>
  </ItemGroup>
  <ItemGroup>
    <ResourceCompile Include="..\unfat.rc">
      <Filter>rc</Filter>
    </ResourceCompile>
  </ItemGroup>
</Project>